// !$*UTF8*$!
{
	archiveVersion = 1;
	classes = {
	};
	objectVersion = 50;
	objects = {

/* Begin PBXBuildFile section */
		FA1D72DB221E2D2B00D8EBF7 /* ActivityStatistics.swift in Sources */ = {isa = PBXBuildFile; fileRef = FA1D72DA221E2D2B00D8EBF7 /* ActivityStatistics.swift */; };
		FA1D72E1221F82A300D8EBF7 /* MasterTableViewCell.swift in Sources */ = {isa = PBXBuildFile; fileRef = FA1D72E0221F82A300D8EBF7 /* MasterTableViewCell.swift */; };
		FA1D72E52220675F00D8EBF7 /* TimeConstants.swift in Sources */ = {isa = PBXBuildFile; fileRef = FA1D72E42220675F00D8EBF7 /* TimeConstants.swift */; };
		FA1D72EA2220784900D8EBF7 /* ActivityMO+CoreDataClass.swift in Sources */ = {isa = PBXBuildFile; fileRef = FA1D72E62220784900D8EBF7 /* ActivityMO+CoreDataClass.swift */; };
		FA1D72EC2220784900D8EBF7 /* EventMO+CoreDataClass.swift in Sources */ = {isa = PBXBuildFile; fileRef = FA1D72E82220784900D8EBF7 /* EventMO+CoreDataClass.swift */; };
		FA1D72EF2226CA7800D8EBF7 /* ChooseIntervalTableViewController.swift in Sources */ = {isa = PBXBuildFile; fileRef = FA1D72EE2226CA7800D8EBF7 /* ChooseIntervalTableViewController.swift */; };
		FA1D72F22226E18500D8EBF7 /* WeekDayPickerController.swift in Sources */ = {isa = PBXBuildFile; fileRef = FA1D72F12226E18500D8EBF7 /* WeekDayPickerController.swift */; };
		FA1D72F42226F7DE00D8EBF7 /* MonthDayPickerController.swift in Sources */ = {isa = PBXBuildFile; fileRef = FA1D72F32226F7DE00D8EBF7 /* MonthDayPickerController.swift */; };
		FA1D72F622272BBF00D8EBF7 /* YearDayPickerController.swift in Sources */ = {isa = PBXBuildFile; fileRef = FA1D72F522272BBF00D8EBF7 /* YearDayPickerController.swift */; };
		FA1D72FB222854E600D8EBF7 /* WeekDayPickerDelegate.swift in Sources */ = {isa = PBXBuildFile; fileRef = FA1D72FA222854E600D8EBF7 /* WeekDayPickerDelegate.swift */; };
		FA1D72FF22286A8800D8EBF7 /* YearDayPickerDelegate.swift in Sources */ = {isa = PBXBuildFile; fileRef = FA1D72FE22286A8800D8EBF7 /* YearDayPickerDelegate.swift */; };
		FA1D7301222879BA00D8EBF7 /* MonthDayPickerDelegate.swift in Sources */ = {isa = PBXBuildFile; fileRef = FA1D7300222879BA00D8EBF7 /* MonthDayPickerDelegate.swift */; };
		FA1D73292228C60E00D8EBF7 /* WeeklyIntervalMO+CoreDataClass.swift in Sources */ = {isa = PBXBuildFile; fileRef = FA1D731D2228C60E00D8EBF7 /* WeeklyIntervalMO+CoreDataClass.swift */; };
		FA1D732B2228C60E00D8EBF7 /* YearlyIntervalMO+CoreDataClass.swift in Sources */ = {isa = PBXBuildFile; fileRef = FA1D731F2228C60E00D8EBF7 /* YearlyIntervalMO+CoreDataClass.swift */; };
		FA1D732D2228C60E00D8EBF7 /* IntervalMO+CoreDataClass.swift in Sources */ = {isa = PBXBuildFile; fileRef = FA1D73212228C60E00D8EBF7 /* IntervalMO+CoreDataClass.swift */; };
		FA1D732F2228C60E00D8EBF7 /* UnlimitedIntervalMO+CoreDataClass.swift in Sources */ = {isa = PBXBuildFile; fileRef = FA1D73232228C60E00D8EBF7 /* UnlimitedIntervalMO+CoreDataClass.swift */; };
		FA1D73312228C60E00D8EBF7 /* ConstantIntervalMO+CoreDataClass.swift in Sources */ = {isa = PBXBuildFile; fileRef = FA1D73252228C60E00D8EBF7 /* ConstantIntervalMO+CoreDataClass.swift */; };
		FA1D73332228C60E00D8EBF7 /* MonthlyIntervalMO+CoreDataClass.swift in Sources */ = {isa = PBXBuildFile; fileRef = FA1D73272228C60E00D8EBF7 /* MonthlyIntervalMO+CoreDataClass.swift */; };
		FA1D733C222B622700D8EBF7 /* DaysOfMonth.swift in Sources */ = {isa = PBXBuildFile; fileRef = FA1D733B222B622700D8EBF7 /* DaysOfMonth.swift */; };
		FA1D733E222D85DF00D8EBF7 /* Weekdays.swift in Sources */ = {isa = PBXBuildFile; fileRef = FA1D733D222D85DE00D8EBF7 /* Weekdays.swift */; };
		FA1D7340222DB9DB00D8EBF7 /* Months.swift in Sources */ = {isa = PBXBuildFile; fileRef = FA1D733F222DB9DB00D8EBF7 /* Months.swift */; };
		FA1D7343222E165000D8EBF7 /* NotificationMO+CoreDataClass.swift in Sources */ = {isa = PBXBuildFile; fileRef = FA1D7341222E165000D8EBF7 /* NotificationMO+CoreDataClass.swift */; };
		FA1D7347222F550D00D8EBF7 /* MarkDoneTableViewController.swift in Sources */ = {isa = PBXBuildFile; fileRef = FA1D7346222F550D00D8EBF7 /* MarkDoneTableViewController.swift */; };
		FA1D734922300A5000D8EBF7 /* MarkDoneDelegate.swift in Sources */ = {isa = PBXBuildFile; fileRef = FA1D734822300A5000D8EBF7 /* MarkDoneDelegate.swift */; };
		FA1D734B22303F4600D8EBF7 /* HistoryTableViewCell.swift in Sources */ = {isa = PBXBuildFile; fileRef = FA1D734A22303F4600D8EBF7 /* HistoryTableViewCell.swift */; };
		FA3CEF49220E0F2500634DD7 /* AppDelegate.swift in Sources */ = {isa = PBXBuildFile; fileRef = FA3CEF48220E0F2500634DD7 /* AppDelegate.swift */; };
		FA3CEF4C220E0F2500634DD7 /* DaysSince.xcdatamodeld in Sources */ = {isa = PBXBuildFile; fileRef = FA3CEF4A220E0F2500634DD7 /* DaysSince.xcdatamodeld */; };
		FA3CEF4E220E0F2500634DD7 /* MasterViewController.swift in Sources */ = {isa = PBXBuildFile; fileRef = FA3CEF4D220E0F2500634DD7 /* MasterViewController.swift */; };
		FA3CEF50220E0F2500634DD7 /* DetailViewController.swift in Sources */ = {isa = PBXBuildFile; fileRef = FA3CEF4F220E0F2500634DD7 /* DetailViewController.swift */; };
		FA3CEF53220E0F2500634DD7 /* Main.storyboard in Resources */ = {isa = PBXBuildFile; fileRef = FA3CEF51220E0F2500634DD7 /* Main.storyboard */; };
		FA3CEF55220E0F2600634DD7 /* Assets.xcassets in Resources */ = {isa = PBXBuildFile; fileRef = FA3CEF54220E0F2600634DD7 /* Assets.xcassets */; };
		FA3CEF58220E0F2600634DD7 /* LaunchScreen.storyboard in Resources */ = {isa = PBXBuildFile; fileRef = FA3CEF56220E0F2600634DD7 /* LaunchScreen.storyboard */; };
		FAA6AF1E2211C1E700346CCB /* AddActivityTableViewController.swift in Sources */ = {isa = PBXBuildFile; fileRef = FAA6AF1D2211C1E700346CCB /* AddActivityTableViewController.swift */; };
		FAA6AF222211E42700346CCB /* DataModelManager.swift in Sources */ = {isa = PBXBuildFile; fileRef = FAA6AF212211E42700346CCB /* DataModelManager.swift */; };
		FAA6AF242213684800346CCB /* HistoryTableViewController.swift in Sources */ = {isa = PBXBuildFile; fileRef = FAA6AF232213684800346CCB /* HistoryTableViewController.swift */; };
		FAA6AF2622139F4A00346CCB /* ActivitySummaryViewController.swift in Sources */ = {isa = PBXBuildFile; fileRef = FAA6AF2522139F4A00346CCB /* ActivitySummaryViewController.swift */; };
/* End PBXBuildFile section */

/* Begin PBXFileReference section */
		FA1D72DA221E2D2B00D8EBF7 /* ActivityStatistics.swift */ = {isa = PBXFileReference; lastKnownFileType = sourcecode.swift; path = ActivityStatistics.swift; sourceTree = "<group>"; };
		FA1D72E0221F82A300D8EBF7 /* MasterTableViewCell.swift */ = {isa = PBXFileReference; lastKnownFileType = sourcecode.swift; path = MasterTableViewCell.swift; sourceTree = "<group>"; };
		FA1D72E42220675F00D8EBF7 /* TimeConstants.swift */ = {isa = PBXFileReference; lastKnownFileType = sourcecode.swift; path = TimeConstants.swift; sourceTree = "<group>"; };
		FA1D72E62220784900D8EBF7 /* ActivityMO+CoreDataClass.swift */ = {isa = PBXFileReference; lastKnownFileType = sourcecode.swift; path = "ActivityMO+CoreDataClass.swift"; sourceTree = "<group>"; };
		FA1D72E82220784900D8EBF7 /* EventMO+CoreDataClass.swift */ = {isa = PBXFileReference; lastKnownFileType = sourcecode.swift; path = "EventMO+CoreDataClass.swift"; sourceTree = "<group>"; };
		FA1D72EE2226CA7800D8EBF7 /* ChooseIntervalTableViewController.swift */ = {isa = PBXFileReference; lastKnownFileType = sourcecode.swift; path = ChooseIntervalTableViewController.swift; sourceTree = "<group>"; };
		FA1D72F12226E18500D8EBF7 /* WeekDayPickerController.swift */ = {isa = PBXFileReference; lastKnownFileType = sourcecode.swift; path = WeekDayPickerController.swift; sourceTree = "<group>"; };
		FA1D72F32226F7DE00D8EBF7 /* MonthDayPickerController.swift */ = {isa = PBXFileReference; lastKnownFileType = sourcecode.swift; path = MonthDayPickerController.swift; sourceTree = "<group>"; };
		FA1D72F522272BBF00D8EBF7 /* YearDayPickerController.swift */ = {isa = PBXFileReference; lastKnownFileType = sourcecode.swift; path = YearDayPickerController.swift; sourceTree = "<group>"; };
		FA1D72FA222854E600D8EBF7 /* WeekDayPickerDelegate.swift */ = {isa = PBXFileReference; lastKnownFileType = sourcecode.swift; path = WeekDayPickerDelegate.swift; sourceTree = "<group>"; };
		FA1D72FE22286A8800D8EBF7 /* YearDayPickerDelegate.swift */ = {isa = PBXFileReference; lastKnownFileType = sourcecode.swift; path = YearDayPickerDelegate.swift; sourceTree = "<group>"; };
		FA1D7300222879BA00D8EBF7 /* MonthDayPickerDelegate.swift */ = {isa = PBXFileReference; lastKnownFileType = sourcecode.swift; path = MonthDayPickerDelegate.swift; sourceTree = "<group>"; };
		FA1D731D2228C60E00D8EBF7 /* WeeklyIntervalMO+CoreDataClass.swift */ = {isa = PBXFileReference; lastKnownFileType = sourcecode.swift; path = "WeeklyIntervalMO+CoreDataClass.swift"; sourceTree = "<group>"; };
		FA1D731F2228C60E00D8EBF7 /* YearlyIntervalMO+CoreDataClass.swift */ = {isa = PBXFileReference; lastKnownFileType = sourcecode.swift; path = "YearlyIntervalMO+CoreDataClass.swift"; sourceTree = "<group>"; };
		FA1D73212228C60E00D8EBF7 /* IntervalMO+CoreDataClass.swift */ = {isa = PBXFileReference; lastKnownFileType = sourcecode.swift; path = "IntervalMO+CoreDataClass.swift"; sourceTree = "<group>"; };
		FA1D73232228C60E00D8EBF7 /* UnlimitedIntervalMO+CoreDataClass.swift */ = {isa = PBXFileReference; lastKnownFileType = sourcecode.swift; path = "UnlimitedIntervalMO+CoreDataClass.swift"; sourceTree = "<group>"; };
		FA1D73252228C60E00D8EBF7 /* ConstantIntervalMO+CoreDataClass.swift */ = {isa = PBXFileReference; lastKnownFileType = sourcecode.swift; path = "ConstantIntervalMO+CoreDataClass.swift"; sourceTree = "<group>"; };
		FA1D73272228C60E00D8EBF7 /* MonthlyIntervalMO+CoreDataClass.swift */ = {isa = PBXFileReference; lastKnownFileType = sourcecode.swift; path = "MonthlyIntervalMO+CoreDataClass.swift"; sourceTree = "<group>"; };
		FA1D733B222B622700D8EBF7 /* DaysOfMonth.swift */ = {isa = PBXFileReference; lastKnownFileType = sourcecode.swift; path = DaysOfMonth.swift; sourceTree = "<group>"; };
		FA1D733D222D85DE00D8EBF7 /* Weekdays.swift */ = {isa = PBXFileReference; lastKnownFileType = sourcecode.swift; path = Weekdays.swift; sourceTree = "<group>"; };
		FA1D733F222DB9DB00D8EBF7 /* Months.swift */ = {isa = PBXFileReference; lastKnownFileType = sourcecode.swift; path = Months.swift; sourceTree = "<group>"; };
		FA1D7341222E165000D8EBF7 /* NotificationMO+CoreDataClass.swift */ = {isa = PBXFileReference; lastKnownFileType = sourcecode.swift; path = "NotificationMO+CoreDataClass.swift"; sourceTree = "<group>"; };
		FA1D7346222F550D00D8EBF7 /* MarkDoneTableViewController.swift */ = {isa = PBXFileReference; lastKnownFileType = sourcecode.swift; path = MarkDoneTableViewController.swift; sourceTree = "<group>"; };
		FA1D734822300A5000D8EBF7 /* MarkDoneDelegate.swift */ = {isa = PBXFileReference; lastKnownFileType = sourcecode.swift; path = MarkDoneDelegate.swift; sourceTree = "<group>"; };
		FA1D734A22303F4600D8EBF7 /* HistoryTableViewCell.swift */ = {isa = PBXFileReference; lastKnownFileType = sourcecode.swift; path = HistoryTableViewCell.swift; sourceTree = "<group>"; };
		FA3CEF45220E0F2500634DD7 /* DaysSince.app */ = {isa = PBXFileReference; explicitFileType = wrapper.application; includeInIndex = 0; path = DaysSince.app; sourceTree = BUILT_PRODUCTS_DIR; };
		FA3CEF48220E0F2500634DD7 /* AppDelegate.swift */ = {isa = PBXFileReference; lastKnownFileType = sourcecode.swift; path = AppDelegate.swift; sourceTree = "<group>"; };
		FA3CEF4B220E0F2500634DD7 /* DaysSince.xcdatamodel */ = {isa = PBXFileReference; lastKnownFileType = wrapper.xcdatamodel; path = DaysSince.xcdatamodel; sourceTree = "<group>"; };
		FA3CEF4D220E0F2500634DD7 /* MasterViewController.swift */ = {isa = PBXFileReference; lastKnownFileType = sourcecode.swift; path = MasterViewController.swift; sourceTree = "<group>"; };
		FA3CEF4F220E0F2500634DD7 /* DetailViewController.swift */ = {isa = PBXFileReference; lastKnownFileType = sourcecode.swift; path = DetailViewController.swift; sourceTree = "<group>"; };
		FA3CEF52220E0F2500634DD7 /* Base */ = {isa = PBXFileReference; lastKnownFileType = file.storyboard; name = Base; path = Base.lproj/Main.storyboard; sourceTree = "<group>"; };
		FA3CEF54220E0F2600634DD7 /* Assets.xcassets */ = {isa = PBXFileReference; lastKnownFileType = folder.assetcatalog; path = Assets.xcassets; sourceTree = "<group>"; };
		FA3CEF57220E0F2600634DD7 /* Base */ = {isa = PBXFileReference; lastKnownFileType = file.storyboard; name = Base; path = Base.lproj/LaunchScreen.storyboard; sourceTree = "<group>"; };
		FA3CEF59220E0F2600634DD7 /* Info.plist */ = {isa = PBXFileReference; lastKnownFileType = text.plist.xml; path = Info.plist; sourceTree = "<group>"; };
		FAA6AF1D2211C1E700346CCB /* AddActivityTableViewController.swift */ = {isa = PBXFileReference; fileEncoding = 4; lastKnownFileType = sourcecode.swift; path = AddActivityTableViewController.swift; sourceTree = "<group>"; };
		FAA6AF212211E42700346CCB /* DataModelManager.swift */ = {isa = PBXFileReference; lastKnownFileType = sourcecode.swift; path = DataModelManager.swift; sourceTree = "<group>"; };
		FAA6AF232213684800346CCB /* HistoryTableViewController.swift */ = {isa = PBXFileReference; lastKnownFileType = sourcecode.swift; path = HistoryTableViewController.swift; sourceTree = "<group>"; };
		FAA6AF2522139F4A00346CCB /* ActivitySummaryViewController.swift */ = {isa = PBXFileReference; lastKnownFileType = sourcecode.swift; path = ActivitySummaryViewController.swift; sourceTree = "<group>"; };
/* End PBXFileReference section */

/* Begin PBXFrameworksBuildPhase section */
		FA3CEF42220E0F2500634DD7 /* Frameworks */ = {
			isa = PBXFrameworksBuildPhase;
			buildActionMask = 2147483647;
			files = (
			);
			runOnlyForDeploymentPostprocessing = 0;
		};
/* End PBXFrameworksBuildPhase section */

/* Begin PBXGroup section */
		FA1D72F02226E16600D8EBF7 /* common */ = {
			isa = PBXGroup;
			children = (
				FA1D72F32226F7DE00D8EBF7 /* MonthDayPickerController.swift */,
				FA1D7300222879BA00D8EBF7 /* MonthDayPickerDelegate.swift */,
				FA1D72F12226E18500D8EBF7 /* WeekDayPickerController.swift */,
				FA1D72FA222854E600D8EBF7 /* WeekDayPickerDelegate.swift */,
				FA1D72F522272BBF00D8EBF7 /* YearDayPickerController.swift */,
				FA1D72FE22286A8800D8EBF7 /* YearDayPickerDelegate.swift */,
			);
			path = common;
			sourceTree = "<group>";
		};
		FA1D72F72228507C00D8EBF7 /* util */ = {
			isa = PBXGroup;
			children = (
				FA1D733B222B622700D8EBF7 /* DaysOfMonth.swift */,
				FA1D733D222D85DE00D8EBF7 /* Weekdays.swift */,
				FA1D733F222DB9DB00D8EBF7 /* Months.swift */,
			);
			path = util;
			sourceTree = "<group>";
		};
		FA1D731A2228C29A00D8EBF7 /* coreDataClasses */ = {
			isa = PBXGroup;
			children = (
				FA1D72E62220784900D8EBF7 /* ActivityMO+CoreDataClass.swift */,
				FA1D73252228C60E00D8EBF7 /* ConstantIntervalMO+CoreDataClass.swift */,
				FA1D72E82220784900D8EBF7 /* EventMO+CoreDataClass.swift */,
				FA1D73212228C60E00D8EBF7 /* IntervalMO+CoreDataClass.swift */,
				FA1D73272228C60E00D8EBF7 /* MonthlyIntervalMO+CoreDataClass.swift */,
				FA1D7341222E165000D8EBF7 /* NotificationMO+CoreDataClass.swift */,
				FA1D73232228C60E00D8EBF7 /* UnlimitedIntervalMO+CoreDataClass.swift */,
				FA1D731D2228C60E00D8EBF7 /* WeeklyIntervalMO+CoreDataClass.swift */,
				FA1D731F2228C60E00D8EBF7 /* YearlyIntervalMO+CoreDataClass.swift */,
			);
			path = coreDataClasses;
			sourceTree = "<group>";
		};
		FA1D7345222F54EC00D8EBF7 /* history */ = {
			isa = PBXGroup;
			children = (
				FA1D7346222F550D00D8EBF7 /* MarkDoneTableViewController.swift */,
				FA1D734822300A5000D8EBF7 /* MarkDoneDelegate.swift */,
			);
			path = history;
			sourceTree = "<group>";
		};
		FA3CEF3C220E0F2500634DD7 = {
			isa = PBXGroup;
			children = (
				FA3CEF47220E0F2500634DD7 /* DaysSince */,
				FA3CEF46220E0F2500634DD7 /* Products */,
			);
			sourceTree = "<group>";
		};
		FA3CEF46220E0F2500634DD7 /* Products */ = {
			isa = PBXGroup;
			children = (
				FA3CEF45220E0F2500634DD7 /* DaysSince.app */,
			);
			name = Products;
			sourceTree = "<group>";
		};
		FA3CEF47220E0F2500634DD7 /* DaysSince */ = {
			isa = PBXGroup;
			children = (
				FA1D72F72228507C00D8EBF7 /* util */,
				FAA6AF202211D23600346CCB /* model */,
				FA5596B32210FDFD00113AE1 /* view */,
				FA3CEF48220E0F2500634DD7 /* AppDelegate.swift */,
				FA3CEF4D220E0F2500634DD7 /* MasterViewController.swift */,
				FA3CEF4F220E0F2500634DD7 /* DetailViewController.swift */,
				FA3CEF51220E0F2500634DD7 /* Main.storyboard */,
				FA3CEF54220E0F2600634DD7 /* Assets.xcassets */,
				FA3CEF56220E0F2600634DD7 /* LaunchScreen.storyboard */,
				FA3CEF59220E0F2600634DD7 /* Info.plist */,
				FA3CEF4A220E0F2500634DD7 /* DaysSince.xcdatamodeld */,
			);
			path = DaysSince;
			sourceTree = "<group>";
		};
		FA5596B32210FDFD00113AE1 /* view */ = {
			isa = PBXGroup;
			children = (
				FA1D7345222F54EC00D8EBF7 /* history */,
				FA1D72F02226E16600D8EBF7 /* common */,
				FAA6AF1F2211D10800346CCB /* activity */,
				FA5596B42210FE0800113AE1 /* components */,
				FAA6AF232213684800346CCB /* HistoryTableViewController.swift */,
			);
			path = view;
			sourceTree = "<group>";
		};
		FA5596B42210FE0800113AE1 /* components */ = {
			isa = PBXGroup;
			children = (
				FA1D72E0221F82A300D8EBF7 /* MasterTableViewCell.swift */,
				FA1D734A22303F4600D8EBF7 /* HistoryTableViewCell.swift */,
			);
			path = components;
			sourceTree = "<group>";
		};
		FAA6AF1F2211D10800346CCB /* activity */ = {
			isa = PBXGroup;
			children = (
				FAA6AF2522139F4A00346CCB /* ActivitySummaryViewController.swift */,
				FAA6AF1D2211C1E700346CCB /* AddActivityTableViewController.swift */,
				FA1D72EE2226CA7800D8EBF7 /* ChooseIntervalTableViewController.swift */,
			);
			path = activity;
			sourceTree = "<group>";
		};
		FAA6AF202211D23600346CCB /* model */ = {
			isa = PBXGroup;
			children = (
				FA1D731A2228C29A00D8EBF7 /* coreDataClasses */,
				FAA6AF212211E42700346CCB /* DataModelManager.swift */,
				FA1D72DA221E2D2B00D8EBF7 /* ActivityStatistics.swift */,
				FA1D72E42220675F00D8EBF7 /* TimeConstants.swift */,
			);
			path = model;
			sourceTree = "<group>";
		};
/* End PBXGroup section */

/* Begin PBXNativeTarget section */
		FA3CEF44220E0F2500634DD7 /* DaysSince */ = {
			isa = PBXNativeTarget;
			buildConfigurationList = FA3CEF5C220E0F2600634DD7 /* Build configuration list for PBXNativeTarget "DaysSince" */;
			buildPhases = (
				FA3CEF41220E0F2500634DD7 /* Sources */,
				FA3CEF42220E0F2500634DD7 /* Frameworks */,
				FA3CEF43220E0F2500634DD7 /* Resources */,
			);
			buildRules = (
			);
			dependencies = (
			);
			name = DaysSince;
			productName = DaysSince;
			productReference = FA3CEF45220E0F2500634DD7 /* DaysSince.app */;
			productType = "com.apple.product-type.application";
		};
/* End PBXNativeTarget section */

/* Begin PBXProject section */
		FA3CEF3D220E0F2500634DD7 /* Project object */ = {
			isa = PBXProject;
			attributes = {
				LastSwiftUpdateCheck = 1010;
				LastUpgradeCheck = 1010;
				ORGANIZATIONNAME = "Paul Vezzetti";
				TargetAttributes = {
					FA3CEF44220E0F2500634DD7 = {
						CreatedOnToolsVersion = 10.1;
					};
				};
			};
			buildConfigurationList = FA3CEF40220E0F2500634DD7 /* Build configuration list for PBXProject "DaysSince" */;
			compatibilityVersion = "Xcode 9.3";
			developmentRegion = en;
			hasScannedForEncodings = 0;
			knownRegions = (
				en,
				Base,
			);
			mainGroup = FA3CEF3C220E0F2500634DD7;
			productRefGroup = FA3CEF46220E0F2500634DD7 /* Products */;
			projectDirPath = "";
			projectRoot = "";
			targets = (
				FA3CEF44220E0F2500634DD7 /* DaysSince */,
			);
		};
/* End PBXProject section */

/* Begin PBXResourcesBuildPhase section */
		FA3CEF43220E0F2500634DD7 /* Resources */ = {
			isa = PBXResourcesBuildPhase;
			buildActionMask = 2147483647;
			files = (
				FA3CEF58220E0F2600634DD7 /* LaunchScreen.storyboard in Resources */,
				FA3CEF55220E0F2600634DD7 /* Assets.xcassets in Resources */,
				FA3CEF53220E0F2500634DD7 /* Main.storyboard in Resources */,
			);
			runOnlyForDeploymentPostprocessing = 0;
		};
/* End PBXResourcesBuildPhase section */

/* Begin PBXSourcesBuildPhase section */
		FA3CEF41220E0F2500634DD7 /* Sources */ = {
			isa = PBXSourcesBuildPhase;
			buildActionMask = 2147483647;
			files = (
				FA1D7340222DB9DB00D8EBF7 /* Months.swift in Sources */,
				FA3CEF49220E0F2500634DD7 /* AppDelegate.swift in Sources */,
				FA1D733E222D85DF00D8EBF7 /* Weekdays.swift in Sources */,
				FA1D732B2228C60E00D8EBF7 /* YearlyIntervalMO+CoreDataClass.swift in Sources */,
				FA1D72F622272BBF00D8EBF7 /* YearDayPickerController.swift in Sources */,
				FA3CEF4C220E0F2500634DD7 /* DaysSince.xcdatamodeld in Sources */,
				FA1D72EA2220784900D8EBF7 /* ActivityMO+CoreDataClass.swift in Sources */,
				FAA6AF1E2211C1E700346CCB /* AddActivityTableViewController.swift in Sources */,
				FA1D732D2228C60E00D8EBF7 /* IntervalMO+CoreDataClass.swift in Sources */,
				FA1D72EC2220784900D8EBF7 /* EventMO+CoreDataClass.swift in Sources */,
				FA1D733C222B622700D8EBF7 /* DaysOfMonth.swift in Sources */,
				FA1D72DB221E2D2B00D8EBF7 /* ActivityStatistics.swift in Sources */,
				FA1D72F22226E18500D8EBF7 /* WeekDayPickerController.swift in Sources */,
				FA1D7347222F550D00D8EBF7 /* MarkDoneTableViewController.swift in Sources */,
				FA1D72F42226F7DE00D8EBF7 /* MonthDayPickerController.swift in Sources */,
				FA1D73332228C60E00D8EBF7 /* MonthlyIntervalMO+CoreDataClass.swift in Sources */,
				FA1D72E52220675F00D8EBF7 /* TimeConstants.swift in Sources */,
				FAA6AF2622139F4A00346CCB /* ActivitySummaryViewController.swift in Sources */,
				FA1D73292228C60E00D8EBF7 /* WeeklyIntervalMO+CoreDataClass.swift in Sources */,
				FA3CEF4E220E0F2500634DD7 /* MasterViewController.swift in Sources */,
				FA1D7343222E165000D8EBF7 /* NotificationMO+CoreDataClass.swift in Sources */,
				FA1D732F2228C60E00D8EBF7 /* UnlimitedIntervalMO+CoreDataClass.swift in Sources */,
				FA1D734922300A5000D8EBF7 /* MarkDoneDelegate.swift in Sources */,
				FA1D73312228C60E00D8EBF7 /* ConstantIntervalMO+CoreDataClass.swift in Sources */,
				FA1D72E1221F82A300D8EBF7 /* MasterTableViewCell.swift in Sources */,
				FAA6AF242213684800346CCB /* HistoryTableViewController.swift in Sources */,
				FA1D72FB222854E600D8EBF7 /* WeekDayPickerDelegate.swift in Sources */,
				FA1D72FF22286A8800D8EBF7 /* YearDayPickerDelegate.swift in Sources */,
				FA1D72EF2226CA7800D8EBF7 /* ChooseIntervalTableViewController.swift in Sources */,
				FA3CEF50220E0F2500634DD7 /* DetailViewController.swift in Sources */,
				FA1D734B22303F4600D8EBF7 /* HistoryTableViewCell.swift in Sources */,
				FA1D7301222879BA00D8EBF7 /* MonthDayPickerDelegate.swift in Sources */,
				FAA6AF222211E42700346CCB /* DataModelManager.swift in Sources */,
			);
			runOnlyForDeploymentPostprocessing = 0;
		};
/* End PBXSourcesBuildPhase section */

/* Begin PBXVariantGroup section */
		FA3CEF51220E0F2500634DD7 /* Main.storyboard */ = {
			isa = PBXVariantGroup;
			children = (
				FA3CEF52220E0F2500634DD7 /* Base */,
			);
			name = Main.storyboard;
			sourceTree = "<group>";
		};
		FA3CEF56220E0F2600634DD7 /* LaunchScreen.storyboard */ = {
			isa = PBXVariantGroup;
			children = (
				FA3CEF57220E0F2600634DD7 /* Base */,
			);
			name = LaunchScreen.storyboard;
			sourceTree = "<group>";
		};
/* End PBXVariantGroup section */

/* Begin XCBuildConfiguration section */
		FA3CEF5A220E0F2600634DD7 /* Debug */ = {
			isa = XCBuildConfiguration;
			buildSettings = {
				ALWAYS_SEARCH_USER_PATHS = NO;
				CLANG_ANALYZER_NONNULL = YES;
				CLANG_ANALYZER_NUMBER_OBJECT_CONVERSION = YES_AGGRESSIVE;
				CLANG_CXX_LANGUAGE_STANDARD = "gnu++14";
				CLANG_CXX_LIBRARY = "libc++";
				CLANG_ENABLE_MODULES = YES;
				CLANG_ENABLE_OBJC_ARC = YES;
				CLANG_ENABLE_OBJC_WEAK = YES;
				CLANG_WARN_BLOCK_CAPTURE_AUTORELEASING = YES;
				CLANG_WARN_BOOL_CONVERSION = YES;
				CLANG_WARN_COMMA = YES;
				CLANG_WARN_CONSTANT_CONVERSION = YES;
				CLANG_WARN_DEPRECATED_OBJC_IMPLEMENTATIONS = YES;
				CLANG_WARN_DIRECT_OBJC_ISA_USAGE = YES_ERROR;
				CLANG_WARN_DOCUMENTATION_COMMENTS = YES;
				CLANG_WARN_EMPTY_BODY = YES;
				CLANG_WARN_ENUM_CONVERSION = YES;
				CLANG_WARN_INFINITE_RECURSION = YES;
				CLANG_WARN_INT_CONVERSION = YES;
				CLANG_WARN_NON_LITERAL_NULL_CONVERSION = YES;
				CLANG_WARN_OBJC_IMPLICIT_RETAIN_SELF = YES;
				CLANG_WARN_OBJC_LITERAL_CONVERSION = YES;
				CLANG_WARN_OBJC_ROOT_CLASS = YES_ERROR;
				CLANG_WARN_RANGE_LOOP_ANALYSIS = YES;
				CLANG_WARN_STRICT_PROTOTYPES = YES;
				CLANG_WARN_SUSPICIOUS_MOVE = YES;
				CLANG_WARN_UNGUARDED_AVAILABILITY = YES_AGGRESSIVE;
				CLANG_WARN_UNREACHABLE_CODE = YES;
				CLANG_WARN__DUPLICATE_METHOD_MATCH = YES;
				CODE_SIGN_IDENTITY = "iPhone Developer";
				COPY_PHASE_STRIP = NO;
				DEBUG_INFORMATION_FORMAT = dwarf;
				ENABLE_STRICT_OBJC_MSGSEND = YES;
				ENABLE_TESTABILITY = YES;
				GCC_C_LANGUAGE_STANDARD = gnu11;
				GCC_DYNAMIC_NO_PIC = NO;
				GCC_NO_COMMON_BLOCKS = YES;
				GCC_OPTIMIZATION_LEVEL = 0;
				GCC_PREPROCESSOR_DEFINITIONS = (
					"DEBUG=1",
					"$(inherited)",
				);
				GCC_WARN_64_TO_32_BIT_CONVERSION = YES;
				GCC_WARN_ABOUT_RETURN_TYPE = YES_ERROR;
				GCC_WARN_UNDECLARED_SELECTOR = YES;
				GCC_WARN_UNINITIALIZED_AUTOS = YES_AGGRESSIVE;
				GCC_WARN_UNUSED_FUNCTION = YES;
				GCC_WARN_UNUSED_VARIABLE = YES;
				IPHONEOS_DEPLOYMENT_TARGET = 12.1;
				MTL_ENABLE_DEBUG_INFO = INCLUDE_SOURCE;
				MTL_FAST_MATH = YES;
				ONLY_ACTIVE_ARCH = YES;
				SDKROOT = iphoneos;
				SWIFT_ACTIVE_COMPILATION_CONDITIONS = DEBUG;
				SWIFT_OPTIMIZATION_LEVEL = "-Onone";
			};
			name = Debug;
		};
		FA3CEF5B220E0F2600634DD7 /* Release */ = {
			isa = XCBuildConfiguration;
			buildSettings = {
				ALWAYS_SEARCH_USER_PATHS = NO;
				CLANG_ANALYZER_NONNULL = YES;
				CLANG_ANALYZER_NUMBER_OBJECT_CONVERSION = YES_AGGRESSIVE;
				CLANG_CXX_LANGUAGE_STANDARD = "gnu++14";
				CLANG_CXX_LIBRARY = "libc++";
				CLANG_ENABLE_MODULES = YES;
				CLANG_ENABLE_OBJC_ARC = YES;
				CLANG_ENABLE_OBJC_WEAK = YES;
				CLANG_WARN_BLOCK_CAPTURE_AUTORELEASING = YES;
				CLANG_WARN_BOOL_CONVERSION = YES;
				CLANG_WARN_COMMA = YES;
				CLANG_WARN_CONSTANT_CONVERSION = YES;
				CLANG_WARN_DEPRECATED_OBJC_IMPLEMENTATIONS = YES;
				CLANG_WARN_DIRECT_OBJC_ISA_USAGE = YES_ERROR;
				CLANG_WARN_DOCUMENTATION_COMMENTS = YES;
				CLANG_WARN_EMPTY_BODY = YES;
				CLANG_WARN_ENUM_CONVERSION = YES;
				CLANG_WARN_INFINITE_RECURSION = YES;
				CLANG_WARN_INT_CONVERSION = YES;
				CLANG_WARN_NON_LITERAL_NULL_CONVERSION = YES;
				CLANG_WARN_OBJC_IMPLICIT_RETAIN_SELF = YES;
				CLANG_WARN_OBJC_LITERAL_CONVERSION = YES;
				CLANG_WARN_OBJC_ROOT_CLASS = YES_ERROR;
				CLANG_WARN_RANGE_LOOP_ANALYSIS = YES;
				CLANG_WARN_STRICT_PROTOTYPES = YES;
				CLANG_WARN_SUSPICIOUS_MOVE = YES;
				CLANG_WARN_UNGUARDED_AVAILABILITY = YES_AGGRESSIVE;
				CLANG_WARN_UNREACHABLE_CODE = YES;
				CLANG_WARN__DUPLICATE_METHOD_MATCH = YES;
				CODE_SIGN_IDENTITY = "iPhone Developer";
				COPY_PHASE_STRIP = NO;
				DEBUG_INFORMATION_FORMAT = "dwarf-with-dsym";
				ENABLE_NS_ASSERTIONS = NO;
				ENABLE_STRICT_OBJC_MSGSEND = YES;
				GCC_C_LANGUAGE_STANDARD = gnu11;
				GCC_NO_COMMON_BLOCKS = YES;
				GCC_WARN_64_TO_32_BIT_CONVERSION = YES;
				GCC_WARN_ABOUT_RETURN_TYPE = YES_ERROR;
				GCC_WARN_UNDECLARED_SELECTOR = YES;
				GCC_WARN_UNINITIALIZED_AUTOS = YES_AGGRESSIVE;
				GCC_WARN_UNUSED_FUNCTION = YES;
				GCC_WARN_UNUSED_VARIABLE = YES;
				IPHONEOS_DEPLOYMENT_TARGET = 12.1;
				MTL_ENABLE_DEBUG_INFO = NO;
				MTL_FAST_MATH = YES;
				SDKROOT = iphoneos;
				SWIFT_COMPILATION_MODE = wholemodule;
				SWIFT_OPTIMIZATION_LEVEL = "-O";
				VALIDATE_PRODUCT = YES;
			};
			name = Release;
		};
		FA3CEF5D220E0F2600634DD7 /* Debug */ = {
			isa = XCBuildConfiguration;
			buildSettings = {
				ASSETCATALOG_COMPILER_APPICON_NAME = AppIcon;
				CODE_SIGN_STYLE = Automatic;
				INFOPLIST_FILE = DaysSince/Info.plist;
				LD_RUNPATH_SEARCH_PATHS = (
					"$(inherited)",
					"@executable_path/Frameworks",
				);
				PRODUCT_BUNDLE_IDENTIFIER = com.vezzetti.DaysSince;
				PRODUCT_NAME = "$(TARGET_NAME)";
				SWIFT_VERSION = 4.2;
				TARGETED_DEVICE_FAMILY = "1,2";
			};
			name = Debug;
		};
		FA3CEF5E220E0F2600634DD7 /* Release */ = {
			isa = XCBuildConfiguration;
			buildSettings = {
				ASSETCATALOG_COMPILER_APPICON_NAME = AppIcon;
				CODE_SIGN_STYLE = Automatic;
				INFOPLIST_FILE = DaysSince/Info.plist;
				LD_RUNPATH_SEARCH_PATHS = (
					"$(inherited)",
					"@executable_path/Frameworks",
				);
				PRODUCT_BUNDLE_IDENTIFIER = com.vezzetti.DaysSince;
				PRODUCT_NAME = "$(TARGET_NAME)";
				SWIFT_VERSION = 4.2;
				TARGETED_DEVICE_FAMILY = "1,2";
			};
			name = Release;
		};
/* End XCBuildConfiguration section */

/* Begin XCConfigurationList section */
		FA3CEF40220E0F2500634DD7 /* Build configuration list for PBXProject "DaysSince" */ = {
			isa = XCConfigurationList;
			buildConfigurations = (
				FA3CEF5A220E0F2600634DD7 /* Debug */,
				FA3CEF5B220E0F2600634DD7 /* Release */,
			);
			defaultConfigurationIsVisible = 0;
			defaultConfigurationName = Release;
		};
		FA3CEF5C220E0F2600634DD7 /* Build configuration list for PBXNativeTarget "DaysSince" */ = {
			isa = XCConfigurationList;
			buildConfigurations = (
				FA3CEF5D220E0F2600634DD7 /* Debug */,
				FA3CEF5E220E0F2600634DD7 /* Release */,
			);
			defaultConfigurationIsVisible = 0;
			defaultConfigurationName = Release;
		};
/* End XCConfigurationList section */

/* Begin XCVersionGroup section */
		FA3CEF4A220E0F2500634DD7 /* DaysSince.xcdatamodeld */ = {
			isa = XCVersionGroup;
			children = (
				FA3CEF4B220E0F2500634DD7 /* DaysSince.xcdatamodel */,
			);
			currentVersion = FA3CEF4B220E0F2500634DD7 /* DaysSince.xcdatamodel */;
			path = DaysSince.xcdatamodeld;
			sourceTree = "<group>";
			versionGroupType = wrapper.xcdatamodel;
		};
/* End XCVersionGroup section */
	};
	rootObject = FA3CEF3D220E0F2500634DD7 /* Project object */;
}
