// !$*UTF8*$!
{
	archiveVersion = 1;
	classes = {
	};
	objectVersion = 50;
	objects = {

/* Begin PBXBuildFile section */
		DA0B1E272259412500992A42 /* ChooseActiveRangeTableViewController.swift in Sources */ = {isa = PBXBuildFile; fileRef = DA0B1E262259412500992A42 /* ChooseActiveRangeTableViewController.swift */; };
		DA0B1E2C225950CD00992A42 /* ActiveRangeMO+CoreDataClass.swift in Sources */ = {isa = PBXBuildFile; fileRef = DA0B1E29225950CD00992A42 /* ActiveRangeMO+CoreDataClass.swift */; };
		DA6AAD4C22934C8A00711533 /* DaysSinceProgressView.swift in Sources */ = {isa = PBXBuildFile; fileRef = DA6AAD4B22934C8A00711533 /* DaysSinceProgressView.swift */; };
		DA70B19922B9B463003E1B76 /* HintPopoverViewController.swift in Sources */ = {isa = PBXBuildFile; fileRef = DA70B19822B9B463003E1B76 /* HintPopoverViewController.swift */; };
		DABE10E122713B0E00AFDBAF /* Localizable.strings in Resources */ = {isa = PBXBuildFile; fileRef = DABE10DF22713B0E00AFDBAF /* Localizable.strings */; };
		FA133A902231D6B600F363D1 /* DateExtension.swift in Sources */ = {isa = PBXBuildFile; fileRef = FA133A8F2231D6B600F363D1 /* DateExtension.swift */; };
		FA1D72DB221E2D2B00D8EBF7 /* ActivityStatistics.swift in Sources */ = {isa = PBXBuildFile; fileRef = FA1D72DA221E2D2B00D8EBF7 /* ActivityStatistics.swift */; };
		FA1D72E1221F82A300D8EBF7 /* MasterTableViewCell.swift in Sources */ = {isa = PBXBuildFile; fileRef = FA1D72E0221F82A300D8EBF7 /* MasterTableViewCell.swift */; };
		FA1D72E52220675F00D8EBF7 /* TimeConstants.swift in Sources */ = {isa = PBXBuildFile; fileRef = FA1D72E42220675F00D8EBF7 /* TimeConstants.swift */; };
		FA1D72EA2220784900D8EBF7 /* ActivityMO+CoreDataClass.swift in Sources */ = {isa = PBXBuildFile; fileRef = FA1D72E62220784900D8EBF7 /* ActivityMO+CoreDataClass.swift */; };
		FA1D72EC2220784900D8EBF7 /* EventMO+CoreDataClass.swift in Sources */ = {isa = PBXBuildFile; fileRef = FA1D72E82220784900D8EBF7 /* EventMO+CoreDataClass.swift */; };
		FA1D72EF2226CA7800D8EBF7 /* ChooseIntervalTableViewController.swift in Sources */ = {isa = PBXBuildFile; fileRef = FA1D72EE2226CA7800D8EBF7 /* ChooseIntervalTableViewController.swift */; };
		FA1D72F22226E18500D8EBF7 /* WeekDayPickerController.swift in Sources */ = {isa = PBXBuildFile; fileRef = FA1D72F12226E18500D8EBF7 /* WeekDayPickerController.swift */; };
		FA1D72F42226F7DE00D8EBF7 /* MonthDayPickerController.swift in Sources */ = {isa = PBXBuildFile; fileRef = FA1D72F32226F7DE00D8EBF7 /* MonthDayPickerController.swift */; };
		FA1D72F622272BBF00D8EBF7 /* YearDayPickerController.swift in Sources */ = {isa = PBXBuildFile; fileRef = FA1D72F522272BBF00D8EBF7 /* YearDayPickerController.swift */; };
		FA1D72FB222854E600D8EBF7 /* WeekDayPickerDelegate.swift in Sources */ = {isa = PBXBuildFile; fileRef = FA1D72FA222854E600D8EBF7 /* WeekDayPickerDelegate.swift */; };
		FA1D72FF22286A8800D8EBF7 /* YearDayPickerDelegate.swift in Sources */ = {isa = PBXBuildFile; fileRef = FA1D72FE22286A8800D8EBF7 /* YearDayPickerDelegate.swift */; };
		FA1D7301222879BA00D8EBF7 /* MonthDayPickerDelegate.swift in Sources */ = {isa = PBXBuildFile; fileRef = FA1D7300222879BA00D8EBF7 /* MonthDayPickerDelegate.swift */; };
		FA1D73292228C60E00D8EBF7 /* WeeklyIntervalMO+CoreDataClass.swift in Sources */ = {isa = PBXBuildFile; fileRef = FA1D731D2228C60E00D8EBF7 /* WeeklyIntervalMO+CoreDataClass.swift */; };
		FA1D732B2228C60E00D8EBF7 /* YearlyIntervalMO+CoreDataClass.swift in Sources */ = {isa = PBXBuildFile; fileRef = FA1D731F2228C60E00D8EBF7 /* YearlyIntervalMO+CoreDataClass.swift */; };
		FA1D732D2228C60E00D8EBF7 /* IntervalMO+CoreDataClass.swift in Sources */ = {isa = PBXBuildFile; fileRef = FA1D73212228C60E00D8EBF7 /* IntervalMO+CoreDataClass.swift */; };
		FA1D732F2228C60E00D8EBF7 /* UnlimitedIntervalMO+CoreDataClass.swift in Sources */ = {isa = PBXBuildFile; fileRef = FA1D73232228C60E00D8EBF7 /* UnlimitedIntervalMO+CoreDataClass.swift */; };
		FA1D73312228C60E00D8EBF7 /* ConstantIntervalMO+CoreDataClass.swift in Sources */ = {isa = PBXBuildFile; fileRef = FA1D73252228C60E00D8EBF7 /* ConstantIntervalMO+CoreDataClass.swift */; };
		FA1D73332228C60E00D8EBF7 /* MonthlyIntervalMO+CoreDataClass.swift in Sources */ = {isa = PBXBuildFile; fileRef = FA1D73272228C60E00D8EBF7 /* MonthlyIntervalMO+CoreDataClass.swift */; };
		FA1D733E222D85DF00D8EBF7 /* Weekdays.swift in Sources */ = {isa = PBXBuildFile; fileRef = FA1D733D222D85DE00D8EBF7 /* Weekdays.swift */; };
		FA1D7340222DB9DB00D8EBF7 /* Months.swift in Sources */ = {isa = PBXBuildFile; fileRef = FA1D733F222DB9DB00D8EBF7 /* Months.swift */; };
		FA1D7347222F550D00D8EBF7 /* MarkDoneTableViewController.swift in Sources */ = {isa = PBXBuildFile; fileRef = FA1D7346222F550D00D8EBF7 /* MarkDoneTableViewController.swift */; };
		FA1D734922300A5000D8EBF7 /* MarkDoneDelegate.swift in Sources */ = {isa = PBXBuildFile; fileRef = FA1D734822300A5000D8EBF7 /* MarkDoneDelegate.swift */; };
		FA1D734B22303F4600D8EBF7 /* HistoryTableViewCell.swift in Sources */ = {isa = PBXBuildFile; fileRef = FA1D734A22303F4600D8EBF7 /* HistoryTableViewCell.swift */; };
		FA1D734D22307F9B00D8EBF7 /* EventDetailsViewController.swift in Sources */ = {isa = PBXBuildFile; fileRef = FA1D734C22307F9B00D8EBF7 /* EventDetailsViewController.swift */; };
		FA2215AB2252A67000FDEB96 /* ActivitySummaryTableViewController.swift in Sources */ = {isa = PBXBuildFile; fileRef = FA2215AA2252A67000FDEB96 /* ActivitySummaryTableViewController.swift */; };
		FA25E41A22A00C9000F7B0B6 /* BlankActivityTableViewController.swift in Sources */ = {isa = PBXBuildFile; fileRef = FA25E41922A00C9000F7B0B6 /* BlankActivityTableViewController.swift */; };
		FA25E41C22AAB32400F7B0B6 /* TimePickerView.xib in Resources */ = {isa = PBXBuildFile; fileRef = FA25E41B22AAB32400F7B0B6 /* TimePickerView.xib */; };
		FA25E41E22AAB47F00F7B0B6 /* TimePickerView.swift in Sources */ = {isa = PBXBuildFile; fileRef = FA25E41D22AAB47F00F7B0B6 /* TimePickerView.swift */; };
		FA25E42022AACA9C00F7B0B6 /* TimePickerViewDelegate.swift in Sources */ = {isa = PBXBuildFile; fileRef = FA25E41F22AACA9C00F7B0B6 /* TimePickerViewDelegate.swift */; };
		FA3197742289EBA700FECBE9 /* UITextFieldUtility.swift in Sources */ = {isa = PBXBuildFile; fileRef = FA3197732289EBA700FECBE9 /* UITextFieldUtility.swift */; };
		FA3CEF49220E0F2500634DD7 /* AppDelegate.swift in Sources */ = {isa = PBXBuildFile; fileRef = FA3CEF48220E0F2500634DD7 /* AppDelegate.swift */; };
		FA3CEF4C220E0F2500634DD7 /* DaysSince.xcdatamodeld in Sources */ = {isa = PBXBuildFile; fileRef = FA3CEF4A220E0F2500634DD7 /* DaysSince.xcdatamodeld */; };
		FA3CEF4E220E0F2500634DD7 /* MasterViewController.swift in Sources */ = {isa = PBXBuildFile; fileRef = FA3CEF4D220E0F2500634DD7 /* MasterViewController.swift */; };
		FA3CEF50220E0F2500634DD7 /* DetailViewController.swift in Sources */ = {isa = PBXBuildFile; fileRef = FA3CEF4F220E0F2500634DD7 /* DetailViewController.swift */; };
		FA3CEF55220E0F2600634DD7 /* Assets.xcassets in Resources */ = {isa = PBXBuildFile; fileRef = FA3CEF54220E0F2600634DD7 /* Assets.xcassets */; };
		FA3CEF58220E0F2600634DD7 /* LaunchScreen.storyboard in Resources */ = {isa = PBXBuildFile; fileRef = FA3CEF56220E0F2600634DD7 /* LaunchScreen.storyboard */; };
		FA488F4022B1720000A3BFC1 /* ActivityBased.swift in Sources */ = {isa = PBXBuildFile; fileRef = FA488F3F22B1720000A3BFC1 /* ActivityBased.swift */; };
		FA488F4222B1731900A3BFC1 /* DataModelManagerRequired.swift in Sources */ = {isa = PBXBuildFile; fileRef = FA488F4122B1731900A3BFC1 /* DataModelManagerRequired.swift */; };
		FA706DE22289FFDD0082C545 /* Main.storyboard in Resources */ = {isa = PBXBuildFile; fileRef = FA706DE02289FFDD0082C545 /* Main.storyboard */; };
		FA706DE5228A00DC0082C545 /* MarkDone.storyboard in Resources */ = {isa = PBXBuildFile; fileRef = FA706DE3228A00DC0082C545 /* MarkDone.storyboard */; };
		FA706DE8228A01620082C545 /* AddActivity.storyboard in Resources */ = {isa = PBXBuildFile; fileRef = FA706DE6228A01620082C545 /* AddActivity.storyboard */; };
		FAA6AF1E2211C1E700346CCB /* AddActivityTableViewController.swift in Sources */ = {isa = PBXBuildFile; fileRef = FAA6AF1D2211C1E700346CCB /* AddActivityTableViewController.swift */; };
		FAA6AF222211E42700346CCB /* DataModelManager.swift in Sources */ = {isa = PBXBuildFile; fileRef = FAA6AF212211E42700346CCB /* DataModelManager.swift */; };
		FAA6AF242213684800346CCB /* HistoryTableViewController.swift in Sources */ = {isa = PBXBuildFile; fileRef = FAA6AF232213684800346CCB /* HistoryTableViewController.swift */; };
		FAB23B74223AC332004C6252 /* NotificationManager.swift in Sources */ = {isa = PBXBuildFile; fileRef = FAB23B73223AC332004C6252 /* NotificationManager.swift */; };
		FAB23B7B223F2436004C6252 /* ReminderMO+CoreDataClass.swift in Sources */ = {isa = PBXBuildFile; fileRef = FAB23B77223F2436004C6252 /* ReminderMO+CoreDataClass.swift */; };
		FAB23B822241A152004C6252 /* NumberFormatterOrdinal.swift in Sources */ = {isa = PBXBuildFile; fileRef = FAB23B812241A152004C6252 /* NumberFormatterOrdinal.swift */; };
		FAB8D059228F243E005138C3 /* IntervalDotPlotView.swift in Sources */ = {isa = PBXBuildFile; fileRef = FAB8D058228F243E005138C3 /* IntervalDotPlotView.swift */; };
		FAB8D05B2295A1FF005138C3 /* TimelineView.swift in Sources */ = {isa = PBXBuildFile; fileRef = FAB8D05A2295A1FF005138C3 /* TimelineView.swift */; };
		FABBCA7F2278DFEE0034CB78 /* Localizable.stringsdict in Resources */ = {isa = PBXBuildFile; fileRef = FABBCA7D2278DFEE0034CB78 /* Localizable.stringsdict */; };
		FAC1DE9C22562D7700A211D6 /* ScaleDateComponentPickerController.swift in Sources */ = {isa = PBXBuildFile; fileRef = FAC1DE9B22562D7700A211D6 /* ScaleDateComponentPickerController.swift */; };
		FAC1DE9E22562DC100A211D6 /* ScaleDateComponentPickerDelegate.swift in Sources */ = {isa = PBXBuildFile; fileRef = FAC1DE9D22562DC100A211D6 /* ScaleDateComponentPickerDelegate.swift */; };
		FAC1DEA52256772A00A211D6 /* WeekOffsetIntervalMO+CoreDataClass.swift in Sources */ = {isa = PBXBuildFile; fileRef = FAC1DE9F2256772A00A211D6 /* WeekOffsetIntervalMO+CoreDataClass.swift */; };
		FAC1DEA72256772A00A211D6 /* MonthOffsetIntervalMO+CoreDataClass.swift in Sources */ = {isa = PBXBuildFile; fileRef = FAC1DEA12256772A00A211D6 /* MonthOffsetIntervalMO+CoreDataClass.swift */; };
		FAC1DEA92256772A00A211D6 /* YearOffsetIntervalMO+CoreDataClass.swift in Sources */ = {isa = PBXBuildFile; fileRef = FAC1DEA32256772A00A211D6 /* YearOffsetIntervalMO+CoreDataClass.swift */; };
		FAC1DEAD22567F0300A211D6 /* OffsetIntervalMO+CoreDataClass.swift in Sources */ = {isa = PBXBuildFile; fileRef = FAC1DEAB22567F0300A211D6 /* OffsetIntervalMO+CoreDataClass.swift */; };
		FAC1DEB6225681D400A211D6 /* OffsetIntervals.swift in Sources */ = {isa = PBXBuildFile; fileRef = FAC1DEB5225681D400A211D6 /* OffsetIntervals.swift */; };
		FAC1DEBE225E3C5600A211D6 /* ActivityInfoTableViewController.swift in Sources */ = {isa = PBXBuildFile; fileRef = FAC1DEBD225E3C5600A211D6 /* ActivityInfoTableViewController.swift */; };
		FADAA1872298737A0059015F /* UILabelExtension.swift in Sources */ = {isa = PBXBuildFile; fileRef = FADAA1862298737A0059015F /* UILabelExtension.swift */; };
		FADE9AC1224A8A260055DA64 /* NotificationExtension.swift in Sources */ = {isa = PBXBuildFile; fileRef = FADE9AC0224A8A260055DA64 /* NotificationExtension.swift */; };
		FAE2F69422455301009B0DCB /* ActivityTableHeaderView.swift in Sources */ = {isa = PBXBuildFile; fileRef = FAE2F69322455301009B0DCB /* ActivityTableHeaderView.swift */; };
		FAE2F69622455421009B0DCB /* ActivityTableHeaderView.xib in Resources */ = {isa = PBXBuildFile; fileRef = FAE2F69522455421009B0DCB /* ActivityTableHeaderView.xib */; };
		FAE2F69822456DEC009B0DCB /* CollapsibleTableViewHeaderDelegate.swift in Sources */ = {isa = PBXBuildFile; fileRef = FAE2F69722456DEC009B0DCB /* CollapsibleTableViewHeaderDelegate.swift */; };
/* End PBXBuildFile section */

/* Begin PBXContainerItemProxy section */
		DA70B19022AB3681003E1B76 /* PBXContainerItemProxy */ = {
			isa = PBXContainerItemProxy;
			containerPortal = FA3CEF3D220E0F2500634DD7 /* Project object */;
			proxyType = 1;
			remoteGlobalIDString = FA3CEF44220E0F2500634DD7;
			remoteInfo = DaysSince;
		};
/* End PBXContainerItemProxy section */

/* Begin PBXFileReference section */
		DA0B1E262259412500992A42 /* ChooseActiveRangeTableViewController.swift */ = {isa = PBXFileReference; lastKnownFileType = sourcecode.swift; path = ChooseActiveRangeTableViewController.swift; sourceTree = "<group>"; };
		DA0B1E29225950CD00992A42 /* ActiveRangeMO+CoreDataClass.swift */ = {isa = PBXFileReference; lastKnownFileType = sourcecode.swift; path = "ActiveRangeMO+CoreDataClass.swift"; sourceTree = "<group>"; };
		DA6AAD4B22934C8A00711533 /* DaysSinceProgressView.swift */ = {isa = PBXFileReference; lastKnownFileType = sourcecode.swift; path = DaysSinceProgressView.swift; sourceTree = "<group>"; };
		DA70B18B22AB3681003E1B76 /* DaysSinceTests.xctest */ = {isa = PBXFileReference; explicitFileType = wrapper.cfbundle; includeInIndex = 0; path = DaysSinceTests.xctest; sourceTree = BUILT_PRODUCTS_DIR; };
		DA70B18F22AB3681003E1B76 /* Info.plist */ = {isa = PBXFileReference; lastKnownFileType = text.plist.xml; path = Info.plist; sourceTree = "<group>"; };
		DA70B19822B9B463003E1B76 /* HintPopoverViewController.swift */ = {isa = PBXFileReference; lastKnownFileType = sourcecode.swift; path = HintPopoverViewController.swift; sourceTree = "<group>"; };
		DABE10E022713B0E00AFDBAF /* Base */ = {isa = PBXFileReference; lastKnownFileType = text.plist.strings; name = Base; path = DaysSince/Base.lproj/Localizable.strings; sourceTree = "<group>"; };
		FA133A8F2231D6B600F363D1 /* DateExtension.swift */ = {isa = PBXFileReference; lastKnownFileType = sourcecode.swift; path = DateExtension.swift; sourceTree = "<group>"; };
		FA1D72DA221E2D2B00D8EBF7 /* ActivityStatistics.swift */ = {isa = PBXFileReference; lastKnownFileType = sourcecode.swift; path = ActivityStatistics.swift; sourceTree = "<group>"; };
		FA1D72E0221F82A300D8EBF7 /* MasterTableViewCell.swift */ = {isa = PBXFileReference; lastKnownFileType = sourcecode.swift; path = MasterTableViewCell.swift; sourceTree = "<group>"; };
		FA1D72E42220675F00D8EBF7 /* TimeConstants.swift */ = {isa = PBXFileReference; lastKnownFileType = sourcecode.swift; path = TimeConstants.swift; sourceTree = "<group>"; };
		FA1D72E62220784900D8EBF7 /* ActivityMO+CoreDataClass.swift */ = {isa = PBXFileReference; lastKnownFileType = sourcecode.swift; path = "ActivityMO+CoreDataClass.swift"; sourceTree = "<group>"; };
		FA1D72E82220784900D8EBF7 /* EventMO+CoreDataClass.swift */ = {isa = PBXFileReference; lastKnownFileType = sourcecode.swift; path = "EventMO+CoreDataClass.swift"; sourceTree = "<group>"; };
		FA1D72EE2226CA7800D8EBF7 /* ChooseIntervalTableViewController.swift */ = {isa = PBXFileReference; lastKnownFileType = sourcecode.swift; path = ChooseIntervalTableViewController.swift; sourceTree = "<group>"; };
		FA1D72F12226E18500D8EBF7 /* WeekDayPickerController.swift */ = {isa = PBXFileReference; lastKnownFileType = sourcecode.swift; path = WeekDayPickerController.swift; sourceTree = "<group>"; };
		FA1D72F32226F7DE00D8EBF7 /* MonthDayPickerController.swift */ = {isa = PBXFileReference; lastKnownFileType = sourcecode.swift; path = MonthDayPickerController.swift; sourceTree = "<group>"; };
		FA1D72F522272BBF00D8EBF7 /* YearDayPickerController.swift */ = {isa = PBXFileReference; lastKnownFileType = sourcecode.swift; path = YearDayPickerController.swift; sourceTree = "<group>"; };
		FA1D72FA222854E600D8EBF7 /* WeekDayPickerDelegate.swift */ = {isa = PBXFileReference; lastKnownFileType = sourcecode.swift; path = WeekDayPickerDelegate.swift; sourceTree = "<group>"; };
		FA1D72FE22286A8800D8EBF7 /* YearDayPickerDelegate.swift */ = {isa = PBXFileReference; lastKnownFileType = sourcecode.swift; path = YearDayPickerDelegate.swift; sourceTree = "<group>"; };
		FA1D7300222879BA00D8EBF7 /* MonthDayPickerDelegate.swift */ = {isa = PBXFileReference; lastKnownFileType = sourcecode.swift; path = MonthDayPickerDelegate.swift; sourceTree = "<group>"; };
		FA1D731D2228C60E00D8EBF7 /* WeeklyIntervalMO+CoreDataClass.swift */ = {isa = PBXFileReference; lastKnownFileType = sourcecode.swift; path = "WeeklyIntervalMO+CoreDataClass.swift"; sourceTree = "<group>"; };
		FA1D731F2228C60E00D8EBF7 /* YearlyIntervalMO+CoreDataClass.swift */ = {isa = PBXFileReference; lastKnownFileType = sourcecode.swift; path = "YearlyIntervalMO+CoreDataClass.swift"; sourceTree = "<group>"; };
		FA1D73212228C60E00D8EBF7 /* IntervalMO+CoreDataClass.swift */ = {isa = PBXFileReference; lastKnownFileType = sourcecode.swift; path = "IntervalMO+CoreDataClass.swift"; sourceTree = "<group>"; };
		FA1D73232228C60E00D8EBF7 /* UnlimitedIntervalMO+CoreDataClass.swift */ = {isa = PBXFileReference; lastKnownFileType = sourcecode.swift; path = "UnlimitedIntervalMO+CoreDataClass.swift"; sourceTree = "<group>"; };
		FA1D73252228C60E00D8EBF7 /* ConstantIntervalMO+CoreDataClass.swift */ = {isa = PBXFileReference; lastKnownFileType = sourcecode.swift; path = "ConstantIntervalMO+CoreDataClass.swift"; sourceTree = "<group>"; };
		FA1D73272228C60E00D8EBF7 /* MonthlyIntervalMO+CoreDataClass.swift */ = {isa = PBXFileReference; lastKnownFileType = sourcecode.swift; path = "MonthlyIntervalMO+CoreDataClass.swift"; sourceTree = "<group>"; };
		FA1D733D222D85DE00D8EBF7 /* Weekdays.swift */ = {isa = PBXFileReference; lastKnownFileType = sourcecode.swift; path = Weekdays.swift; sourceTree = "<group>"; };
		FA1D733F222DB9DB00D8EBF7 /* Months.swift */ = {isa = PBXFileReference; lastKnownFileType = sourcecode.swift; path = Months.swift; sourceTree = "<group>"; };
		FA1D7346222F550D00D8EBF7 /* MarkDoneTableViewController.swift */ = {isa = PBXFileReference; lastKnownFileType = sourcecode.swift; path = MarkDoneTableViewController.swift; sourceTree = "<group>"; };
		FA1D734822300A5000D8EBF7 /* MarkDoneDelegate.swift */ = {isa = PBXFileReference; lastKnownFileType = sourcecode.swift; path = MarkDoneDelegate.swift; sourceTree = "<group>"; };
		FA1D734A22303F4600D8EBF7 /* HistoryTableViewCell.swift */ = {isa = PBXFileReference; lastKnownFileType = sourcecode.swift; path = HistoryTableViewCell.swift; sourceTree = "<group>"; };
		FA1D734C22307F9B00D8EBF7 /* EventDetailsViewController.swift */ = {isa = PBXFileReference; lastKnownFileType = sourcecode.swift; path = EventDetailsViewController.swift; sourceTree = "<group>"; };
		FA2215AA2252A67000FDEB96 /* ActivitySummaryTableViewController.swift */ = {isa = PBXFileReference; lastKnownFileType = sourcecode.swift; path = ActivitySummaryTableViewController.swift; sourceTree = "<group>"; };
		FA25E41922A00C9000F7B0B6 /* BlankActivityTableViewController.swift */ = {isa = PBXFileReference; lastKnownFileType = sourcecode.swift; path = BlankActivityTableViewController.swift; sourceTree = "<group>"; };
		FA25E41B22AAB32400F7B0B6 /* TimePickerView.xib */ = {isa = PBXFileReference; lastKnownFileType = file.xib; path = TimePickerView.xib; sourceTree = "<group>"; };
		FA25E41D22AAB47F00F7B0B6 /* TimePickerView.swift */ = {isa = PBXFileReference; lastKnownFileType = sourcecode.swift; path = TimePickerView.swift; sourceTree = "<group>"; };
		FA25E41F22AACA9C00F7B0B6 /* TimePickerViewDelegate.swift */ = {isa = PBXFileReference; lastKnownFileType = sourcecode.swift; path = TimePickerViewDelegate.swift; sourceTree = "<group>"; };
		FA3197732289EBA700FECBE9 /* UITextFieldUtility.swift */ = {isa = PBXFileReference; lastKnownFileType = sourcecode.swift; path = UITextFieldUtility.swift; sourceTree = "<group>"; };
		FA3CEF45220E0F2500634DD7 /* DaysSince.app */ = {isa = PBXFileReference; explicitFileType = wrapper.application; includeInIndex = 0; path = DaysSince.app; sourceTree = BUILT_PRODUCTS_DIR; };
		FA3CEF48220E0F2500634DD7 /* AppDelegate.swift */ = {isa = PBXFileReference; lastKnownFileType = sourcecode.swift; path = AppDelegate.swift; sourceTree = "<group>"; };
		FA3CEF4B220E0F2500634DD7 /* DaysSince.xcdatamodel */ = {isa = PBXFileReference; lastKnownFileType = wrapper.xcdatamodel; path = DaysSince.xcdatamodel; sourceTree = "<group>"; };
		FA3CEF4D220E0F2500634DD7 /* MasterViewController.swift */ = {isa = PBXFileReference; lastKnownFileType = sourcecode.swift; path = MasterViewController.swift; sourceTree = "<group>"; };
		FA3CEF4F220E0F2500634DD7 /* DetailViewController.swift */ = {isa = PBXFileReference; lastKnownFileType = sourcecode.swift; path = DetailViewController.swift; sourceTree = "<group>"; };
		FA3CEF54220E0F2600634DD7 /* Assets.xcassets */ = {isa = PBXFileReference; lastKnownFileType = folder.assetcatalog; path = Assets.xcassets; sourceTree = "<group>"; };
		FA3CEF57220E0F2600634DD7 /* Base */ = {isa = PBXFileReference; lastKnownFileType = file.storyboard; name = Base; path = Base.lproj/LaunchScreen.storyboard; sourceTree = "<group>"; };
		FA3CEF59220E0F2600634DD7 /* Info.plist */ = {isa = PBXFileReference; lastKnownFileType = text.plist.xml; path = Info.plist; sourceTree = "<group>"; };
		FA488F3F22B1720000A3BFC1 /* ActivityBased.swift */ = {isa = PBXFileReference; lastKnownFileType = sourcecode.swift; path = ActivityBased.swift; sourceTree = "<group>"; };
		FA488F4122B1731900A3BFC1 /* DataModelManagerRequired.swift */ = {isa = PBXFileReference; lastKnownFileType = sourcecode.swift; path = DataModelManagerRequired.swift; sourceTree = "<group>"; };
		FA706DE12289FFDD0082C545 /* Base */ = {isa = PBXFileReference; lastKnownFileType = file.storyboard; name = Base; path = DaysSince/Base.lproj/Main.storyboard; sourceTree = SOURCE_ROOT; };
		FA706DE4228A00DC0082C545 /* Base */ = {isa = PBXFileReference; lastKnownFileType = file.storyboard; name = Base; path = DaysSince/Base.lproj/MarkDone.storyboard; sourceTree = SOURCE_ROOT; };
		FA706DE7228A01620082C545 /* Base */ = {isa = PBXFileReference; lastKnownFileType = file.storyboard; name = Base; path = DaysSince/Base.lproj/AddActivity.storyboard; sourceTree = SOURCE_ROOT; };
		FAA6AF1D2211C1E700346CCB /* AddActivityTableViewController.swift */ = {isa = PBXFileReference; fileEncoding = 4; lastKnownFileType = sourcecode.swift; path = AddActivityTableViewController.swift; sourceTree = "<group>"; };
		FAA6AF212211E42700346CCB /* DataModelManager.swift */ = {isa = PBXFileReference; lastKnownFileType = sourcecode.swift; path = DataModelManager.swift; sourceTree = "<group>"; };
		FAA6AF232213684800346CCB /* HistoryTableViewController.swift */ = {isa = PBXFileReference; lastKnownFileType = sourcecode.swift; path = HistoryTableViewController.swift; sourceTree = "<group>"; };
		FAB23B73223AC332004C6252 /* NotificationManager.swift */ = {isa = PBXFileReference; lastKnownFileType = sourcecode.swift; path = NotificationManager.swift; sourceTree = "<group>"; };
		FAB23B77223F2436004C6252 /* ReminderMO+CoreDataClass.swift */ = {isa = PBXFileReference; lastKnownFileType = sourcecode.swift; path = "ReminderMO+CoreDataClass.swift"; sourceTree = "<group>"; };
		FAB23B812241A152004C6252 /* NumberFormatterOrdinal.swift */ = {isa = PBXFileReference; lastKnownFileType = sourcecode.swift; path = NumberFormatterOrdinal.swift; sourceTree = "<group>"; };
		FAB8D058228F243E005138C3 /* IntervalDotPlotView.swift */ = {isa = PBXFileReference; lastKnownFileType = sourcecode.swift; path = IntervalDotPlotView.swift; sourceTree = "<group>"; };
		FAB8D05A2295A1FF005138C3 /* TimelineView.swift */ = {isa = PBXFileReference; lastKnownFileType = sourcecode.swift; path = TimelineView.swift; sourceTree = "<group>"; };
		FABBCA7E2278DFEE0034CB78 /* Base */ = {isa = PBXFileReference; lastKnownFileType = text.plist.stringsdict; name = Base; path = DaysSince/Base.lproj/Localizable.stringsdict; sourceTree = "<group>"; };
		FAC1DE9B22562D7700A211D6 /* ScaleDateComponentPickerController.swift */ = {isa = PBXFileReference; lastKnownFileType = sourcecode.swift; path = ScaleDateComponentPickerController.swift; sourceTree = "<group>"; };
		FAC1DE9D22562DC100A211D6 /* ScaleDateComponentPickerDelegate.swift */ = {isa = PBXFileReference; lastKnownFileType = sourcecode.swift; path = ScaleDateComponentPickerDelegate.swift; sourceTree = "<group>"; };
		FAC1DE9F2256772A00A211D6 /* WeekOffsetIntervalMO+CoreDataClass.swift */ = {isa = PBXFileReference; lastKnownFileType = sourcecode.swift; path = "WeekOffsetIntervalMO+CoreDataClass.swift"; sourceTree = "<group>"; };
		FAC1DEA12256772A00A211D6 /* MonthOffsetIntervalMO+CoreDataClass.swift */ = {isa = PBXFileReference; lastKnownFileType = sourcecode.swift; path = "MonthOffsetIntervalMO+CoreDataClass.swift"; sourceTree = "<group>"; };
		FAC1DEA32256772A00A211D6 /* YearOffsetIntervalMO+CoreDataClass.swift */ = {isa = PBXFileReference; lastKnownFileType = sourcecode.swift; path = "YearOffsetIntervalMO+CoreDataClass.swift"; sourceTree = "<group>"; };
		FAC1DEAB22567F0300A211D6 /* OffsetIntervalMO+CoreDataClass.swift */ = {isa = PBXFileReference; lastKnownFileType = sourcecode.swift; path = "OffsetIntervalMO+CoreDataClass.swift"; sourceTree = "<group>"; };
		FAC1DEB5225681D400A211D6 /* OffsetIntervals.swift */ = {isa = PBXFileReference; lastKnownFileType = sourcecode.swift; path = OffsetIntervals.swift; sourceTree = "<group>"; };
		FAC1DEBD225E3C5600A211D6 /* ActivityInfoTableViewController.swift */ = {isa = PBXFileReference; lastKnownFileType = sourcecode.swift; path = ActivityInfoTableViewController.swift; sourceTree = "<group>"; };
		FADAA1862298737A0059015F /* UILabelExtension.swift */ = {isa = PBXFileReference; lastKnownFileType = sourcecode.swift; path = UILabelExtension.swift; sourceTree = "<group>"; };
		FADE9AC0224A8A260055DA64 /* NotificationExtension.swift */ = {isa = PBXFileReference; lastKnownFileType = sourcecode.swift; path = NotificationExtension.swift; sourceTree = "<group>"; };
		FAE2F69322455301009B0DCB /* ActivityTableHeaderView.swift */ = {isa = PBXFileReference; lastKnownFileType = sourcecode.swift; path = ActivityTableHeaderView.swift; sourceTree = "<group>"; };
		FAE2F69522455421009B0DCB /* ActivityTableHeaderView.xib */ = {isa = PBXFileReference; lastKnownFileType = file.xib; path = ActivityTableHeaderView.xib; sourceTree = "<group>"; };
		FAE2F69722456DEC009B0DCB /* CollapsibleTableViewHeaderDelegate.swift */ = {isa = PBXFileReference; lastKnownFileType = sourcecode.swift; path = CollapsibleTableViewHeaderDelegate.swift; sourceTree = "<group>"; };
/* End PBXFileReference section */

/* Begin PBXFrameworksBuildPhase section */
		DA70B18822AB3681003E1B76 /* Frameworks */ = {
			isa = PBXFrameworksBuildPhase;
			buildActionMask = 2147483647;
			files = (
			);
			runOnlyForDeploymentPostprocessing = 0;
		};
		FA3CEF42220E0F2500634DD7 /* Frameworks */ = {
			isa = PBXFrameworksBuildPhase;
			buildActionMask = 2147483647;
			files = (
			);
			runOnlyForDeploymentPostprocessing = 0;
		};
/* End PBXFrameworksBuildPhase section */

/* Begin PBXGroup section */
		DA70B18C22AB3681003E1B76 /* DaysSinceTests */ = {
			isa = PBXGroup;
			children = (
				DA70B18F22AB3681003E1B76 /* Info.plist */,
			);
			path = DaysSinceTests;
			sourceTree = "<group>";
		};
		FA1D72F02226E16600D8EBF7 /* common */ = {
			isa = PBXGroup;
			children = (
				FA488F3F22B1720000A3BFC1 /* ActivityBased.swift */,
				FA488F4122B1731900A3BFC1 /* DataModelManagerRequired.swift */,
				FA1D72F32226F7DE00D8EBF7 /* MonthDayPickerController.swift */,
				FA1D7300222879BA00D8EBF7 /* MonthDayPickerDelegate.swift */,
				FA1D72F12226E18500D8EBF7 /* WeekDayPickerController.swift */,
				FA1D72FA222854E600D8EBF7 /* WeekDayPickerDelegate.swift */,
				FA1D72F522272BBF00D8EBF7 /* YearDayPickerController.swift */,
				FA1D72FE22286A8800D8EBF7 /* YearDayPickerDelegate.swift */,
				FAC1DE9B22562D7700A211D6 /* ScaleDateComponentPickerController.swift */,
				FAC1DE9D22562DC100A211D6 /* ScaleDateComponentPickerDelegate.swift */,
			);
			path = common;
			sourceTree = "<group>";
		};
		FA1D72F72228507C00D8EBF7 /* util */ = {
			isa = PBXGroup;
			children = (
				FA1D733D222D85DE00D8EBF7 /* Weekdays.swift */,
				FA1D733F222DB9DB00D8EBF7 /* Months.swift */,
				FA133A8F2231D6B600F363D1 /* DateExtension.swift */,
				FAB23B812241A152004C6252 /* NumberFormatterOrdinal.swift */,
				FA3197732289EBA700FECBE9 /* UITextFieldUtility.swift */,
			);
			path = util;
			sourceTree = "<group>";
		};
		FA1D731A2228C29A00D8EBF7 /* coreDataClasses */ = {
			isa = PBXGroup;
			children = (
				DA0B1E29225950CD00992A42 /* ActiveRangeMO+CoreDataClass.swift */,
				FA1D72E62220784900D8EBF7 /* ActivityMO+CoreDataClass.swift */,
				FA1D73252228C60E00D8EBF7 /* ConstantIntervalMO+CoreDataClass.swift */,
				FA1D72E82220784900D8EBF7 /* EventMO+CoreDataClass.swift */,
				FA1D73212228C60E00D8EBF7 /* IntervalMO+CoreDataClass.swift */,
				FA1D73272228C60E00D8EBF7 /* MonthlyIntervalMO+CoreDataClass.swift */,
				FAC1DEA12256772A00A211D6 /* MonthOffsetIntervalMO+CoreDataClass.swift */,
				FAC1DEAB22567F0300A211D6 /* OffsetIntervalMO+CoreDataClass.swift */,
				FAB23B77223F2436004C6252 /* ReminderMO+CoreDataClass.swift */,
				FA1D73232228C60E00D8EBF7 /* UnlimitedIntervalMO+CoreDataClass.swift */,
				FA1D731D2228C60E00D8EBF7 /* WeeklyIntervalMO+CoreDataClass.swift */,
				FAC1DE9F2256772A00A211D6 /* WeekOffsetIntervalMO+CoreDataClass.swift */,
				FA1D731F2228C60E00D8EBF7 /* YearlyIntervalMO+CoreDataClass.swift */,
				FAC1DEA32256772A00A211D6 /* YearOffsetIntervalMO+CoreDataClass.swift */,
			);
			path = coreDataClasses;
			sourceTree = "<group>";
		};
		FA1D7345222F54EC00D8EBF7 /* history */ = {
			isa = PBXGroup;
			children = (
				FAA6AF232213684800346CCB /* HistoryTableViewController.swift */,
				FA1D7346222F550D00D8EBF7 /* MarkDoneTableViewController.swift */,
				FA1D734822300A5000D8EBF7 /* MarkDoneDelegate.swift */,
				FA1D734C22307F9B00D8EBF7 /* EventDetailsViewController.swift */,
			);
			path = history;
			sourceTree = "<group>";
		};
		FA3197782289F63400FECBE9 /* storyboards */ = {
			isa = PBXGroup;
			children = (
				FA706DE6228A01620082C545 /* AddActivity.storyboard */,
				FA706DE3228A00DC0082C545 /* MarkDone.storyboard */,
				FA706DE02289FFDD0082C545 /* Main.storyboard */,
			);
			path = storyboards;
			sourceTree = "<group>";
		};
		FA3CEF3C220E0F2500634DD7 = {
			isa = PBXGroup;
			children = (
				FA3CEF47220E0F2500634DD7 /* DaysSince */,
				DA70B18C22AB3681003E1B76 /* DaysSinceTests */,
				FA3CEF46220E0F2500634DD7 /* Products */,
			);
			sourceTree = "<group>";
		};
		FA3CEF46220E0F2500634DD7 /* Products */ = {
			isa = PBXGroup;
			children = (
				FA3CEF45220E0F2500634DD7 /* DaysSince.app */,
				DA70B18B22AB3681003E1B76 /* DaysSinceTests.xctest */,
			);
			name = Products;
			sourceTree = "<group>";
		};
		FA3CEF47220E0F2500634DD7 /* DaysSince */ = {
			isa = PBXGroup;
			children = (
				FA63B0362289FABE00710E74 /* src */,
				FA3197782289F63400FECBE9 /* storyboards */,
				FA3CEF54220E0F2600634DD7 /* Assets.xcassets */,
				DABE10DF22713B0E00AFDBAF /* Localizable.strings */,
				FABBCA7D2278DFEE0034CB78 /* Localizable.stringsdict */,
				FA3CEF56220E0F2600634DD7 /* LaunchScreen.storyboard */,
				FA3CEF59220E0F2600634DD7 /* Info.plist */,
				FA3CEF4A220E0F2500634DD7 /* DaysSince.xcdatamodeld */,
			);
			path = DaysSince;
			sourceTree = "<group>";
		};
		FA5596B32210FDFD00113AE1 /* view */ = {
			isa = PBXGroup;
			children = (
				FA3CEF4D220E0F2500634DD7 /* MasterViewController.swift */,
				FA3CEF4F220E0F2500634DD7 /* DetailViewController.swift */,
				FA1D7345222F54EC00D8EBF7 /* history */,
				FA1D72F02226E16600D8EBF7 /* common */,
				FAA6AF1F2211D10800346CCB /* activity */,
				FA5596B42210FE0800113AE1 /* components */,
				DA70B19822B9B463003E1B76 /* HintPopoverViewController.swift */,
			);
			path = view;
			sourceTree = "<group>";
		};
		FA5596B42210FE0800113AE1 /* components */ = {
			isa = PBXGroup;
			children = (
				FA1D72E0221F82A300D8EBF7 /* MasterTableViewCell.swift */,
				FA1D734A22303F4600D8EBF7 /* HistoryTableViewCell.swift */,
				FAE2F69322455301009B0DCB /* ActivityTableHeaderView.swift */,
				FAE2F69522455421009B0DCB /* ActivityTableHeaderView.xib */,
				FAE2F69722456DEC009B0DCB /* CollapsibleTableViewHeaderDelegate.swift */,
				FAB8D058228F243E005138C3 /* IntervalDotPlotView.swift */,
				DA6AAD4B22934C8A00711533 /* DaysSinceProgressView.swift */,
				FAB8D05A2295A1FF005138C3 /* TimelineView.swift */,
				FADAA1862298737A0059015F /* UILabelExtension.swift */,
				FA25E41B22AAB32400F7B0B6 /* TimePickerView.xib */,
				FA25E41D22AAB47F00F7B0B6 /* TimePickerView.swift */,
				FA25E41F22AACA9C00F7B0B6 /* TimePickerViewDelegate.swift */,
			);
			path = components;
			sourceTree = "<group>";
		};
		FA63B0362289FABE00710E74 /* src */ = {
			isa = PBXGroup;
			children = (
				FA3CEF48220E0F2500634DD7 /* AppDelegate.swift */,
				FAA6AF202211D23600346CCB /* model */,
				FA1D72F72228507C00D8EBF7 /* util */,
				FA5596B32210FDFD00113AE1 /* view */,
			);
			path = src;
			sourceTree = "<group>";
		};
		FAA6AF1F2211D10800346CCB /* activity */ = {
			isa = PBXGroup;
			children = (
				FAA6AF1D2211C1E700346CCB /* AddActivityTableViewController.swift */,
				FA1D72EE2226CA7800D8EBF7 /* ChooseIntervalTableViewController.swift */,
				FA2215AA2252A67000FDEB96 /* ActivitySummaryTableViewController.swift */,
				DA0B1E262259412500992A42 /* ChooseActiveRangeTableViewController.swift */,
				FAC1DEBD225E3C5600A211D6 /* ActivityInfoTableViewController.swift */,
				FA25E41922A00C9000F7B0B6 /* BlankActivityTableViewController.swift */,
			);
			path = activity;
			sourceTree = "<group>";
		};
		FAA6AF202211D23600346CCB /* model */ = {
			isa = PBXGroup;
			children = (
				FA1D731A2228C29A00D8EBF7 /* coreDataClasses */,
				FA1D72DA221E2D2B00D8EBF7 /* ActivityStatistics.swift */,
				FAA6AF212211E42700346CCB /* DataModelManager.swift */,
				FA1D72E42220675F00D8EBF7 /* TimeConstants.swift */,
				FAB23B73223AC332004C6252 /* NotificationManager.swift */,
				FADE9AC0224A8A260055DA64 /* NotificationExtension.swift */,
				FAC1DEB5225681D400A211D6 /* OffsetIntervals.swift */,
			);
			path = model;
			sourceTree = "<group>";
		};
/* End PBXGroup section */

/* Begin PBXNativeTarget section */
		DA70B18A22AB3681003E1B76 /* DaysSinceTests */ = {
			isa = PBXNativeTarget;
			buildConfigurationList = DA70B19422AB3681003E1B76 /* Build configuration list for PBXNativeTarget "DaysSinceTests" */;
			buildPhases = (
				DA70B18722AB3681003E1B76 /* Sources */,
				DA70B18822AB3681003E1B76 /* Frameworks */,
				DA70B18922AB3681003E1B76 /* Resources */,
			);
			buildRules = (
			);
			dependencies = (
				DA70B19122AB3681003E1B76 /* PBXTargetDependency */,
			);
			name = DaysSinceTests;
			productName = DaysSinceTests;
			productReference = DA70B18B22AB3681003E1B76 /* DaysSinceTests.xctest */;
			productType = "com.apple.product-type.bundle.unit-test";
		};
		FA3CEF44220E0F2500634DD7 /* DaysSince */ = {
			isa = PBXNativeTarget;
			buildConfigurationList = FA3CEF5C220E0F2600634DD7 /* Build configuration list for PBXNativeTarget "DaysSince" */;
			buildPhases = (
				FA3CEF41220E0F2500634DD7 /* Sources */,
				FA3CEF42220E0F2500634DD7 /* Frameworks */,
				FA3CEF43220E0F2500634DD7 /* Resources */,
			);
			buildRules = (
			);
			dependencies = (
			);
			name = DaysSince;
			productName = DaysSince;
			productReference = FA3CEF45220E0F2500634DD7 /* DaysSince.app */;
			productType = "com.apple.product-type.application";
		};
/* End PBXNativeTarget section */

/* Begin PBXProject section */
		FA3CEF3D220E0F2500634DD7 /* Project object */ = {
			isa = PBXProject;
			attributes = {
				LastSwiftUpdateCheck = 1020;
				LastUpgradeCheck = 1010;
				ORGANIZATIONNAME = "Paul Vezzetti";
				TargetAttributes = {
					DA70B18A22AB3681003E1B76 = {
						CreatedOnToolsVersion = 10.2.1;
						TestTargetID = FA3CEF44220E0F2500634DD7;
					};
					FA3CEF44220E0F2500634DD7 = {
						CreatedOnToolsVersion = 10.1;
					};
				};
			};
			buildConfigurationList = FA3CEF40220E0F2500634DD7 /* Build configuration list for PBXProject "DaysSince" */;
			compatibilityVersion = "Xcode 9.3";
			developmentRegion = en;
			hasScannedForEncodings = 0;
			knownRegions = (
				en,
				Base,
			);
			mainGroup = FA3CEF3C220E0F2500634DD7;
			productRefGroup = FA3CEF46220E0F2500634DD7 /* Products */;
			projectDirPath = "";
			projectRoot = "";
			targets = (
				FA3CEF44220E0F2500634DD7 /* DaysSince */,
				DA70B18A22AB3681003E1B76 /* DaysSinceTests */,
			);
		};
/* End PBXProject section */

/* Begin PBXResourcesBuildPhase section */
		DA70B18922AB3681003E1B76 /* Resources */ = {
			isa = PBXResourcesBuildPhase;
			buildActionMask = 2147483647;
			files = (
			);
			runOnlyForDeploymentPostprocessing = 0;
		};
		FA3CEF43220E0F2500634DD7 /* Resources */ = {
			isa = PBXResourcesBuildPhase;
			buildActionMask = 2147483647;
			files = (
				DABE10E122713B0E00AFDBAF /* Localizable.strings in Resources */,
				FA3CEF58220E0F2600634DD7 /* LaunchScreen.storyboard in Resources */,
				FA706DE5228A00DC0082C545 /* MarkDone.storyboard in Resources */,
				FA706DE8228A01620082C545 /* AddActivity.storyboard in Resources */,
				FA706DE22289FFDD0082C545 /* Main.storyboard in Resources */,
				FA25E41C22AAB32400F7B0B6 /* TimePickerView.xib in Resources */,
				FAE2F69622455421009B0DCB /* ActivityTableHeaderView.xib in Resources */,
				FA3CEF55220E0F2600634DD7 /* Assets.xcassets in Resources */,
				FABBCA7F2278DFEE0034CB78 /* Localizable.stringsdict in Resources */,
			);
			runOnlyForDeploymentPostprocessing = 0;
		};
/* End PBXResourcesBuildPhase section */

/* Begin PBXSourcesBuildPhase section */
		DA70B18722AB3681003E1B76 /* Sources */ = {
			isa = PBXSourcesBuildPhase;
			buildActionMask = 2147483647;
			files = (
			);
			runOnlyForDeploymentPostprocessing = 0;
		};
		FA3CEF41220E0F2500634DD7 /* Sources */ = {
			isa = PBXSourcesBuildPhase;
			buildActionMask = 2147483647;
			files = (
				FAE2F69822456DEC009B0DCB /* CollapsibleTableViewHeaderDelegate.swift in Sources */,
				FA1D7340222DB9DB00D8EBF7 /* Months.swift in Sources */,
				FAB23B7B223F2436004C6252 /* ReminderMO+CoreDataClass.swift in Sources */,
				DA70B19922B9B463003E1B76 /* HintPopoverViewController.swift in Sources */,
				FA3CEF49220E0F2500634DD7 /* AppDelegate.swift in Sources */,
				FA1D733E222D85DF00D8EBF7 /* Weekdays.swift in Sources */,
				FA1D732B2228C60E00D8EBF7 /* YearlyIntervalMO+CoreDataClass.swift in Sources */,
				FA1D72F622272BBF00D8EBF7 /* YearDayPickerController.swift in Sources */,
				FA3CEF4C220E0F2500634DD7 /* DaysSince.xcdatamodeld in Sources */,
				FAC1DEBE225E3C5600A211D6 /* ActivityInfoTableViewController.swift in Sources */,
				FAC1DE9C22562D7700A211D6 /* ScaleDateComponentPickerController.swift in Sources */,
				FA1D72EA2220784900D8EBF7 /* ActivityMO+CoreDataClass.swift in Sources */,
				FAA6AF1E2211C1E700346CCB /* AddActivityTableViewController.swift in Sources */,
				FAB23B74223AC332004C6252 /* NotificationManager.swift in Sources */,
				FAC1DEAD22567F0300A211D6 /* OffsetIntervalMO+CoreDataClass.swift in Sources */,
				FAE2F69422455301009B0DCB /* ActivityTableHeaderView.swift in Sources */,
				FA1D732D2228C60E00D8EBF7 /* IntervalMO+CoreDataClass.swift in Sources */,
				FA1D72EC2220784900D8EBF7 /* EventMO+CoreDataClass.swift in Sources */,
				FAB8D059228F243E005138C3 /* IntervalDotPlotView.swift in Sources */,
				DA0B1E2C225950CD00992A42 /* ActiveRangeMO+CoreDataClass.swift in Sources */,
				FAC1DE9E22562DC100A211D6 /* ScaleDateComponentPickerDelegate.swift in Sources */,
				FA1D72DB221E2D2B00D8EBF7 /* ActivityStatistics.swift in Sources */,
				FA25E41E22AAB47F00F7B0B6 /* TimePickerView.swift in Sources */,
				FA133A902231D6B600F363D1 /* DateExtension.swift in Sources */,
				FA1D72F22226E18500D8EBF7 /* WeekDayPickerController.swift in Sources */,
				FA1D7347222F550D00D8EBF7 /* MarkDoneTableViewController.swift in Sources */,
				FA1D72F42226F7DE00D8EBF7 /* MonthDayPickerController.swift in Sources */,
				FA1D73332228C60E00D8EBF7 /* MonthlyIntervalMO+CoreDataClass.swift in Sources */,
				FA488F4222B1731900A3BFC1 /* DataModelManagerRequired.swift in Sources */,
				FAB8D05B2295A1FF005138C3 /* TimelineView.swift in Sources */,
				DA0B1E272259412500992A42 /* ChooseActiveRangeTableViewController.swift in Sources */,
				FA3197742289EBA700FECBE9 /* UITextFieldUtility.swift in Sources */,
				FA1D734D22307F9B00D8EBF7 /* EventDetailsViewController.swift in Sources */,
				FA1D72E52220675F00D8EBF7 /* TimeConstants.swift in Sources */,
				FA1D73292228C60E00D8EBF7 /* WeeklyIntervalMO+CoreDataClass.swift in Sources */,
				FAC1DEA52256772A00A211D6 /* WeekOffsetIntervalMO+CoreDataClass.swift in Sources */,
				FA3CEF4E220E0F2500634DD7 /* MasterViewController.swift in Sources */,
				FADAA1872298737A0059015F /* UILabelExtension.swift in Sources */,
				FA1D732F2228C60E00D8EBF7 /* UnlimitedIntervalMO+CoreDataClass.swift in Sources */,
				FAC1DEA92256772A00A211D6 /* YearOffsetIntervalMO+CoreDataClass.swift in Sources */,
				FA1D734922300A5000D8EBF7 /* MarkDoneDelegate.swift in Sources */,
				FAC1DEB6225681D400A211D6 /* OffsetIntervals.swift in Sources */,
				DA6AAD4C22934C8A00711533 /* DaysSinceProgressView.swift in Sources */,
				FA1D73312228C60E00D8EBF7 /* ConstantIntervalMO+CoreDataClass.swift in Sources */,
				FA1D72E1221F82A300D8EBF7 /* MasterTableViewCell.swift in Sources */,
				FA2215AB2252A67000FDEB96 /* ActivitySummaryTableViewController.swift in Sources */,
				FAA6AF242213684800346CCB /* HistoryTableViewController.swift in Sources */,
				FA25E41A22A00C9000F7B0B6 /* BlankActivityTableViewController.swift in Sources */,
				FA488F4022B1720000A3BFC1 /* ActivityBased.swift in Sources */,
				FADE9AC1224A8A260055DA64 /* NotificationExtension.swift in Sources */,
				FA1D72FB222854E600D8EBF7 /* WeekDayPickerDelegate.swift in Sources */,
				FA1D72FF22286A8800D8EBF7 /* YearDayPickerDelegate.swift in Sources */,
				FA1D72EF2226CA7800D8EBF7 /* ChooseIntervalTableViewController.swift in Sources */,
				FAC1DEA72256772A00A211D6 /* MonthOffsetIntervalMO+CoreDataClass.swift in Sources */,
				FA3CEF50220E0F2500634DD7 /* DetailViewController.swift in Sources */,
				FA1D734B22303F4600D8EBF7 /* HistoryTableViewCell.swift in Sources */,
				FA25E42022AACA9C00F7B0B6 /* TimePickerViewDelegate.swift in Sources */,
				FAB23B822241A152004C6252 /* NumberFormatterOrdinal.swift in Sources */,
				FA1D7301222879BA00D8EBF7 /* MonthDayPickerDelegate.swift in Sources */,
				FAA6AF222211E42700346CCB /* DataModelManager.swift in Sources */,
			);
			runOnlyForDeploymentPostprocessing = 0;
		};
/* End PBXSourcesBuildPhase section */

/* Begin PBXTargetDependency section */
		DA70B19122AB3681003E1B76 /* PBXTargetDependency */ = {
			isa = PBXTargetDependency;
			target = FA3CEF44220E0F2500634DD7 /* DaysSince */;
			targetProxy = DA70B19022AB3681003E1B76 /* PBXContainerItemProxy */;
		};
/* End PBXTargetDependency section */

/* Begin PBXVariantGroup section */
		DABE10DF22713B0E00AFDBAF /* Localizable.strings */ = {
			isa = PBXVariantGroup;
			children = (
				DABE10E022713B0E00AFDBAF /* Base */,
			);
			name = Localizable.strings;
			sourceTree = "<group>";
		};
		FA3CEF56220E0F2600634DD7 /* LaunchScreen.storyboard */ = {
			isa = PBXVariantGroup;
			children = (
				FA3CEF57220E0F2600634DD7 /* Base */,
			);
			name = LaunchScreen.storyboard;
			sourceTree = "<group>";
		};
		FA706DE02289FFDD0082C545 /* Main.storyboard */ = {
			isa = PBXVariantGroup;
			children = (
				FA706DE12289FFDD0082C545 /* Base */,
			);
			name = Main.storyboard;
			sourceTree = "<group>";
		};
		FA706DE3228A00DC0082C545 /* MarkDone.storyboard */ = {
			isa = PBXVariantGroup;
			children = (
				FA706DE4228A00DC0082C545 /* Base */,
			);
			name = MarkDone.storyboard;
			sourceTree = "<group>";
		};
		FA706DE6228A01620082C545 /* AddActivity.storyboard */ = {
			isa = PBXVariantGroup;
			children = (
				FA706DE7228A01620082C545 /* Base */,
			);
			name = AddActivity.storyboard;
			sourceTree = "<group>";
		};
		FABBCA7D2278DFEE0034CB78 /* Localizable.stringsdict */ = {
			isa = PBXVariantGroup;
			children = (
				FABBCA7E2278DFEE0034CB78 /* Base */,
			);
			name = Localizable.stringsdict;
			sourceTree = "<group>";
		};
/* End PBXVariantGroup section */

/* Begin XCBuildConfiguration section */
		DA70B19222AB3681003E1B76 /* Debug */ = {
			isa = XCBuildConfiguration;
			buildSettings = {
				BUNDLE_LOADER = "$(TEST_HOST)";
				CODE_SIGN_STYLE = Automatic;
				DEVELOPMENT_TEAM = JD249MWW6Y;
				INFOPLIST_FILE = DaysSinceTests/Info.plist;
				IPHONEOS_DEPLOYMENT_TARGET = 12.2;
				LD_RUNPATH_SEARCH_PATHS = (
					"$(inherited)",
					"@executable_path/Frameworks",
					"@loader_path/Frameworks",
				);
				PRODUCT_BUNDLE_IDENTIFIER = com.bluepenguin.DaysSinceTests;
				PRODUCT_NAME = "$(TARGET_NAME)";
				SWIFT_VERSION = 5.0;
				TARGETED_DEVICE_FAMILY = "1,2";
				TEST_HOST = "$(BUILT_PRODUCTS_DIR)/DaysSince.app/DaysSince";
			};
			name = Debug;
		};
		DA70B19322AB3681003E1B76 /* Release */ = {
			isa = XCBuildConfiguration;
			buildSettings = {
				BUNDLE_LOADER = "$(TEST_HOST)";
				CODE_SIGN_STYLE = Automatic;
				DEVELOPMENT_TEAM = JD249MWW6Y;
				INFOPLIST_FILE = DaysSinceTests/Info.plist;
				IPHONEOS_DEPLOYMENT_TARGET = 12.2;
				LD_RUNPATH_SEARCH_PATHS = (
					"$(inherited)",
					"@executable_path/Frameworks",
					"@loader_path/Frameworks",
				);
				PRODUCT_BUNDLE_IDENTIFIER = com.bluepenguin.DaysSinceTests;
				PRODUCT_NAME = "$(TARGET_NAME)";
				SWIFT_VERSION = 5.0;
				TARGETED_DEVICE_FAMILY = "1,2";
				TEST_HOST = "$(BUILT_PRODUCTS_DIR)/DaysSince.app/DaysSince";
			};
			name = Release;
		};
		FA3CEF5A220E0F2600634DD7 /* Debug */ = {
			isa = XCBuildConfiguration;
			buildSettings = {
				ALWAYS_SEARCH_USER_PATHS = NO;
				CLANG_ANALYZER_NONNULL = YES;
				CLANG_ANALYZER_NUMBER_OBJECT_CONVERSION = YES_AGGRESSIVE;
				CLANG_CXX_LANGUAGE_STANDARD = "gnu++14";
				CLANG_CXX_LIBRARY = "libc++";
				CLANG_ENABLE_MODULES = YES;
				CLANG_ENABLE_OBJC_ARC = YES;
				CLANG_ENABLE_OBJC_WEAK = YES;
				CLANG_WARN_BLOCK_CAPTURE_AUTORELEASING = YES;
				CLANG_WARN_BOOL_CONVERSION = YES;
				CLANG_WARN_COMMA = YES;
				CLANG_WARN_CONSTANT_CONVERSION = YES;
				CLANG_WARN_DEPRECATED_OBJC_IMPLEMENTATIONS = YES;
				CLANG_WARN_DIRECT_OBJC_ISA_USAGE = YES_ERROR;
				CLANG_WARN_DOCUMENTATION_COMMENTS = YES;
				CLANG_WARN_EMPTY_BODY = YES;
				CLANG_WARN_ENUM_CONVERSION = YES;
				CLANG_WARN_INFINITE_RECURSION = YES;
				CLANG_WARN_INT_CONVERSION = YES;
				CLANG_WARN_NON_LITERAL_NULL_CONVERSION = YES;
				CLANG_WARN_OBJC_IMPLICIT_RETAIN_SELF = YES;
				CLANG_WARN_OBJC_LITERAL_CONVERSION = YES;
				CLANG_WARN_OBJC_ROOT_CLASS = YES_ERROR;
				CLANG_WARN_RANGE_LOOP_ANALYSIS = YES;
				CLANG_WARN_STRICT_PROTOTYPES = YES;
				CLANG_WARN_SUSPICIOUS_MOVE = YES;
				CLANG_WARN_UNGUARDED_AVAILABILITY = YES_AGGRESSIVE;
				CLANG_WARN_UNREACHABLE_CODE = YES;
				CLANG_WARN__DUPLICATE_METHOD_MATCH = YES;
				CODE_SIGN_IDENTITY = "iPhone Developer";
				COPY_PHASE_STRIP = NO;
				DEBUG_INFORMATION_FORMAT = dwarf;
				ENABLE_STRICT_OBJC_MSGSEND = YES;
				ENABLE_TESTABILITY = YES;
				GCC_C_LANGUAGE_STANDARD = gnu11;
				GCC_DYNAMIC_NO_PIC = NO;
				GCC_NO_COMMON_BLOCKS = YES;
				GCC_OPTIMIZATION_LEVEL = 0;
				GCC_PREPROCESSOR_DEFINITIONS = (
					"DEBUG=1",
					"$(inherited)",
				);
				GCC_WARN_64_TO_32_BIT_CONVERSION = YES;
				GCC_WARN_ABOUT_RETURN_TYPE = YES_ERROR;
				GCC_WARN_UNDECLARED_SELECTOR = YES;
				GCC_WARN_UNINITIALIZED_AUTOS = YES_AGGRESSIVE;
				GCC_WARN_UNUSED_FUNCTION = YES;
				GCC_WARN_UNUSED_VARIABLE = YES;
				IPHONEOS_DEPLOYMENT_TARGET = 12.1;
				MTL_ENABLE_DEBUG_INFO = INCLUDE_SOURCE;
				MTL_FAST_MATH = YES;
				ONLY_ACTIVE_ARCH = YES;
				SDKROOT = iphoneos;
				SWIFT_ACTIVE_COMPILATION_CONDITIONS = DEBUG;
				SWIFT_OPTIMIZATION_LEVEL = "-Onone";
			};
			name = Debug;
		};
		FA3CEF5B220E0F2600634DD7 /* Release */ = {
			isa = XCBuildConfiguration;
			buildSettings = {
				ALWAYS_SEARCH_USER_PATHS = NO;
				CLANG_ANALYZER_NONNULL = YES;
				CLANG_ANALYZER_NUMBER_OBJECT_CONVERSION = YES_AGGRESSIVE;
				CLANG_CXX_LANGUAGE_STANDARD = "gnu++14";
				CLANG_CXX_LIBRARY = "libc++";
				CLANG_ENABLE_MODULES = YES;
				CLANG_ENABLE_OBJC_ARC = YES;
				CLANG_ENABLE_OBJC_WEAK = YES;
				CLANG_WARN_BLOCK_CAPTURE_AUTORELEASING = YES;
				CLANG_WARN_BOOL_CONVERSION = YES;
				CLANG_WARN_COMMA = YES;
				CLANG_WARN_CONSTANT_CONVERSION = YES;
				CLANG_WARN_DEPRECATED_OBJC_IMPLEMENTATIONS = YES;
				CLANG_WARN_DIRECT_OBJC_ISA_USAGE = YES_ERROR;
				CLANG_WARN_DOCUMENTATION_COMMENTS = YES;
				CLANG_WARN_EMPTY_BODY = YES;
				CLANG_WARN_ENUM_CONVERSION = YES;
				CLANG_WARN_INFINITE_RECURSION = YES;
				CLANG_WARN_INT_CONVERSION = YES;
				CLANG_WARN_NON_LITERAL_NULL_CONVERSION = YES;
				CLANG_WARN_OBJC_IMPLICIT_RETAIN_SELF = YES;
				CLANG_WARN_OBJC_LITERAL_CONVERSION = YES;
				CLANG_WARN_OBJC_ROOT_CLASS = YES_ERROR;
				CLANG_WARN_RANGE_LOOP_ANALYSIS = YES;
				CLANG_WARN_STRICT_PROTOTYPES = YES;
				CLANG_WARN_SUSPICIOUS_MOVE = YES;
				CLANG_WARN_UNGUARDED_AVAILABILITY = YES_AGGRESSIVE;
				CLANG_WARN_UNREACHABLE_CODE = YES;
				CLANG_WARN__DUPLICATE_METHOD_MATCH = YES;
				CODE_SIGN_IDENTITY = "iPhone Developer";
				COPY_PHASE_STRIP = NO;
				DEBUG_INFORMATION_FORMAT = "dwarf-with-dsym";
				ENABLE_NS_ASSERTIONS = NO;
				ENABLE_STRICT_OBJC_MSGSEND = YES;
				GCC_C_LANGUAGE_STANDARD = gnu11;
				GCC_NO_COMMON_BLOCKS = YES;
				GCC_WARN_64_TO_32_BIT_CONVERSION = YES;
				GCC_WARN_ABOUT_RETURN_TYPE = YES_ERROR;
				GCC_WARN_UNDECLARED_SELECTOR = YES;
				GCC_WARN_UNINITIALIZED_AUTOS = YES_AGGRESSIVE;
				GCC_WARN_UNUSED_FUNCTION = YES;
				GCC_WARN_UNUSED_VARIABLE = YES;
				IPHONEOS_DEPLOYMENT_TARGET = 12.1;
				MTL_ENABLE_DEBUG_INFO = NO;
				MTL_FAST_MATH = YES;
				SDKROOT = iphoneos;
				SWIFT_COMPILATION_MODE = wholemodule;
				SWIFT_OPTIMIZATION_LEVEL = "-O";
				VALIDATE_PRODUCT = YES;
			};
			name = Release;
		};
		FA3CEF5D220E0F2600634DD7 /* Debug */ = {
			isa = XCBuildConfiguration;
			buildSettings = {
				ASSETCATALOG_COMPILER_APPICON_NAME = AppIcon;
				CODE_SIGN_IDENTITY = "iPhone Developer";
				CODE_SIGN_STYLE = Manual;
				DEVELOPMENT_TEAM = JD249MWW6Y;
				INFOPLIST_FILE = DaysSince/Info.plist;
				LD_RUNPATH_SEARCH_PATHS = (
					"$(inherited)",
					"@executable_path/Frameworks",
				);
				PRODUCT_BUNDLE_IDENTIFIER = com.vezzetti.DaysSince;
				PRODUCT_NAME = "$(TARGET_NAME)";
				PROVISIONING_PROFILE_SPECIFIER = "Paul iPhone7 Dev";
				SWIFT_VERSION = 4.2;
				TARGETED_DEVICE_FAMILY = "1,2";
			};
			name = Debug;
		};
		FA3CEF5E220E0F2600634DD7 /* Release */ = {
			isa = XCBuildConfiguration;
			buildSettings = {
				ASSETCATALOG_COMPILER_APPICON_NAME = AppIcon;
				CODE_SIGN_IDENTITY = "iPhone Developer";
				CODE_SIGN_STYLE = Manual;
				DEVELOPMENT_TEAM = JD249MWW6Y;
				INFOPLIST_FILE = DaysSince/Info.plist;
				LD_RUNPATH_SEARCH_PATHS = (
					"$(inherited)",
					"@executable_path/Frameworks",
				);
				PRODUCT_BUNDLE_IDENTIFIER = com.vezzetti.DaysSince;
				PRODUCT_NAME = "$(TARGET_NAME)";
				PROVISIONING_PROFILE_SPECIFIER = "Paul iPhone7 Dev";
				SWIFT_VERSION = 4.2;
				TARGETED_DEVICE_FAMILY = "1,2";
			};
			name = Release;
		};
/* End XCBuildConfiguration section */

/* Begin XCConfigurationList section */
		DA70B19422AB3681003E1B76 /* Build configuration list for PBXNativeTarget "DaysSinceTests" */ = {
			isa = XCConfigurationList;
			buildConfigurations = (
				DA70B19222AB3681003E1B76 /* Debug */,
				DA70B19322AB3681003E1B76 /* Release */,
			);
			defaultConfigurationIsVisible = 0;
			defaultConfigurationName = Release;
		};
		FA3CEF40220E0F2500634DD7 /* Build configuration list for PBXProject "DaysSince" */ = {
			isa = XCConfigurationList;
			buildConfigurations = (
				FA3CEF5A220E0F2600634DD7 /* Debug */,
				FA3CEF5B220E0F2600634DD7 /* Release */,
			);
			defaultConfigurationIsVisible = 0;
			defaultConfigurationName = Release;
		};
		FA3CEF5C220E0F2600634DD7 /* Build configuration list for PBXNativeTarget "DaysSince" */ = {
			isa = XCConfigurationList;
			buildConfigurations = (
				FA3CEF5D220E0F2600634DD7 /* Debug */,
				FA3CEF5E220E0F2600634DD7 /* Release */,
			);
			defaultConfigurationIsVisible = 0;
			defaultConfigurationName = Release;
		};
/* End XCConfigurationList section */

/* Begin XCVersionGroup section */
		FA3CEF4A220E0F2500634DD7 /* DaysSince.xcdatamodeld */ = {
			isa = XCVersionGroup;
			children = (
				FA3CEF4B220E0F2500634DD7 /* DaysSince.xcdatamodel */,
			);
			currentVersion = FA3CEF4B220E0F2500634DD7 /* DaysSince.xcdatamodel */;
			path = DaysSince.xcdatamodeld;
			sourceTree = "<group>";
			versionGroupType = wrapper.xcdatamodel;
		};
/* End XCVersionGroup section */
	};
	rootObject = FA3CEF3D220E0F2500634DD7 /* Project object */;
}
